
Microsoft Visual Studio Solution File, Format Version 12.00
# Visual Studio 15
Project("{FAE04EC0-301F-11D3-BF4B-00C04F79EFBC}") = "Meryel.CodeAssist.Editor", "Meryel.CodeAssist.Editor.csproj", "{D12B064C-5CBD-E0B6-4E47-13D95674E0E0}"
EndProject
Project("{FAE04EC0-301F-11D3-BF4B-00C04F79EFBC}") = "Assembly-CSharp", "Assembly-CSharp.csproj", "{A92ECAAB-BAC2-0858-4DFD-D6E0FBAC429B}"
EndProject
Project("{9A19103F-16F7-4668-BE54-9A1E7A4F7556}") = "ROH.Api.Login", "..\ROH.Api.Login\ROH.Api.Login.csproj", "{0A2D319D-99B7-4EE5-B6F1-5FC4969E17A6}"
EndProject
Project("{9A19103F-16F7-4668-BE54-9A1E7A4F7556}") = "ROH.Api.Player", "..\ROH.Api.Player\ROH.Api.Player.csproj", "{3F3528C4-0BD1-40B1-9662-6DCED788792A}"
EndProject
Project("{9A19103F-16F7-4668-BE54-9A1E7A4F7556}") = "ROH.Api.Version", "..\ROH.Api.Version\ROH.Api.Version.csproj", "{94D350F4-D0D8-493E-94AD-6A23176159A6}"
EndProject
Project("{9A19103F-16F7-4668-BE54-9A1E7A4F7556}") = "ROH.Api.VersionFiles", "..\ROH.Api.VersionFiles\ROH.Api.VersionFiles.csproj", "{21DFD2D3-F3A0-4BC0-837D-9EE86AAA8B41}"
EndProject
Project("{9A19103F-16F7-4668-BE54-9A1E7A4F7556}") = "ROH.Blazor.Server", "..\ROH.Blazor.Server\ROH.Blazor.Server.csproj", "{B39E8716-B632-4C11-81B6-2F85FECC8B76}"
EndProject
Project("{9A19103F-16F7-4668-BE54-9A1E7A4F7556}") = "ROH.Context", "..\ROH.Context\ROH.Context.csproj", "{B22489C2-BEA1-4DAC-BD1C-C095CA17F77A}"
EndProject
Project("{9A19103F-16F7-4668-BE54-9A1E7A4F7556}") = "ROH.Domain", "..\ROH.Domain\ROH.Domain.csproj", "{AE6B95BD-16AE-4F59-970A-9894668C2B99}"
EndProject
Project("{9A19103F-16F7-4668-BE54-9A1E7A4F7556}") = "ROH.Gateway", "..\ROH.Gateway\ROH.Gateway.csproj", "{8ECFD665-F625-4AFF-A814-5BCCED74E24E}"
EndProject
Project("{9A19103F-16F7-4668-BE54-9A1E7A4F7556}") = "ROH.Interfaces", "..\ROH.Interfaces\ROH.Interfaces.csproj", "{00D88538-C460-46E3-9A6F-DB6547EA17E5}"
EndProject
Project("{9A19103F-16F7-4668-BE54-9A1E7A4F7556}") = "ROH.Mapper", "..\ROH.Mapper\ROH.Mapper.csproj", "{DB4A8BA9-340C-4442-B1E5-CCCA5173EB71}"
EndProject
Project("{9A19103F-16F7-4668-BE54-9A1E7A4F7556}") = "ROH.Models", "..\ROH.Models\ROH.Models.csproj", "{FF3FFE81-D7FE-4DD5-BE0E-9841A61E3BA5}"
EndProject
Project("{9A19103F-16F7-4668-BE54-9A1E7A4F7556}") = "ROH.Repository", "..\ROH.Repository\ROH.Repository.csproj", "{84AC2781-697D-40CE-AF6C-B2EC2114E542}"
EndProject
Project("{9A19103F-16F7-4668-BE54-9A1E7A4F7556}") = "ROH.Services", "..\ROH.Services\ROH.Services.csproj", "{31526948-1D20-4E1D-9F11-DFC1F1BE0ED9}"
EndProject
Project("{9A19103F-16F7-4668-BE54-9A1E7A4F7556}") = "ROH.StandardModels", "..\ROH.StandardModels\ROH.StandardModels.csproj", "{BCA40B11-856E-45CE-BFF8-B39C7E4E6C80}"
EndProject
Project("{9A19103F-16F7-4668-BE54-9A1E7A4F7556}") = "ROH.Utils", "..\ROH.Utils\ROH.Utils.csproj", "{63421091-D2F7-44E8-B4D3-F68F237DAC71}"
EndProject
Project("{9A19103F-16F7-4668-BE54-9A1E7A4F7556}") = "ROH.Validations", "..\ROH.Validations\ROH.Validations.csproj", "{91994C45-C39C-4771-8EF1-96B9B3A07B72}"
EndProject
Project("{9A19103F-16F7-4668-BE54-9A1E7A4F7556}") = "ROH.Test", "..\ROH.Test\ROH.Test.csproj", "{A9A52163-C138-40D1-9D81-3AF4B17C6212}"
EndProject
Global
	GlobalSection(SolutionConfigurationPlatforms) = preSolution
		Debug|Any CPU = Debug|Any CPU
		Release|Any CPU = Release|Any CPU
	EndGlobalSection
	GlobalSection(ProjectConfigurationPlatforms) = postSolution
		{D12B064C-5CBD-E0B6-4E47-13D95674E0E0}.Debug|Any CPU.ActiveCfg = Debug|Any CPU
		{D12B064C-5CBD-E0B6-4E47-13D95674E0E0}.Debug|Any CPU.Build.0 = Debug|Any CPU
		{D12B064C-5CBD-E0B6-4E47-13D95674E0E0}.Release|Any CPU.ActiveCfg = Release|Any CPU
		{D12B064C-5CBD-E0B6-4E47-13D95674E0E0}.Release|Any CPU.Build.0 = Release|Any CPU
		{A92ECAAB-BAC2-0858-4DFD-D6E0FBAC429B}.Debug|Any CPU.ActiveCfg = Debug|Any CPU
		{A92ECAAB-BAC2-0858-4DFD-D6E0FBAC429B}.Debug|Any CPU.Build.0 = Debug|Any CPU
		{A92ECAAB-BAC2-0858-4DFD-D6E0FBAC429B}.Release|Any CPU.ActiveCfg = Release|Any CPU
		{A92ECAAB-BAC2-0858-4DFD-D6E0FBAC429B}.Release|Any CPU.Build.0 = Release|Any CPU
		{0A2D319D-99B7-4EE5-B6F1-5FC4969E17A6}.Debug|Any CPU.ActiveCfg = Debug|Any CPU
		{0A2D319D-99B7-4EE5-B6F1-5FC4969E17A6}.Debug|Any CPU.Build.0 = Debug|Any CPU
		{0A2D319D-99B7-4EE5-B6F1-5FC4969E17A6}.Release|Any CPU.ActiveCfg = Release|Any CPU
		{0A2D319D-99B7-4EE5-B6F1-5FC4969E17A6}.Release|Any CPU.Build.0 = Release|Any CPU
		{3F3528C4-0BD1-40B1-9662-6DCED788792A}.Debug|Any CPU.ActiveCfg = Debug|Any CPU
		{3F3528C4-0BD1-40B1-9662-6DCED788792A}.Debug|Any CPU.Build.0 = Debug|Any CPU
		{3F3528C4-0BD1-40B1-9662-6DCED788792A}.Release|Any CPU.ActiveCfg = Release|Any CPU
		{3F3528C4-0BD1-40B1-9662-6DCED788792A}.Release|Any CPU.Build.0 = Release|Any CPU
		{94D350F4-D0D8-493E-94AD-6A23176159A6}.Debug|Any CPU.ActiveCfg = Debug|Any CPU
		{94D350F4-D0D8-493E-94AD-6A23176159A6}.Debug|Any CPU.Build.0 = Debug|Any CPU
		{94D350F4-D0D8-493E-94AD-6A23176159A6}.Release|Any CPU.ActiveCfg = Release|Any CPU
		{94D350F4-D0D8-493E-94AD-6A23176159A6}.Release|Any CPU.Build.0 = Release|Any CPU
		{21DFD2D3-F3A0-4BC0-837D-9EE86AAA8B41}.Debug|Any CPU.ActiveCfg = Debug|Any CPU
		{21DFD2D3-F3A0-4BC0-837D-9EE86AAA8B41}.Debug|Any CPU.Build.0 = Debug|Any CPU
		{21DFD2D3-F3A0-4BC0-837D-9EE86AAA8B41}.Release|Any CPU.ActiveCfg = Release|Any CPU
		{21DFD2D3-F3A0-4BC0-837D-9EE86AAA8B41}.Release|Any CPU.Build.0 = Release|Any CPU
		{B39E8716-B632-4C11-81B6-2F85FECC8B76}.Debug|Any CPU.ActiveCfg = Debug|Any CPU
		{B39E8716-B632-4C11-81B6-2F85FECC8B76}.Debug|Any CPU.Build.0 = Debug|Any CPU
		{B39E8716-B632-4C11-81B6-2F85FECC8B76}.Release|Any CPU.ActiveCfg = Release|Any CPU
		{B39E8716-B632-4C11-81B6-2F85FECC8B76}.Release|Any CPU.Build.0 = Release|Any CPU
		{B22489C2-BEA1-4DAC-BD1C-C095CA17F77A}.Debug|Any CPU.ActiveCfg = Debug|Any CPU
		{B22489C2-BEA1-4DAC-BD1C-C095CA17F77A}.Debug|Any CPU.Build.0 = Debug|Any CPU
		{B22489C2-BEA1-4DAC-BD1C-C095CA17F77A}.Release|Any CPU.ActiveCfg = Release|Any CPU
		{B22489C2-BEA1-4DAC-BD1C-C095CA17F77A}.Release|Any CPU.Build.0 = Release|Any CPU
		{AE6B95BD-16AE-4F59-970A-9894668C2B99}.Debug|Any CPU.ActiveCfg = Debug|Any CPU
		{AE6B95BD-16AE-4F59-970A-9894668C2B99}.Debug|Any CPU.Build.0 = Debug|Any CPU
		{AE6B95BD-16AE-4F59-970A-9894668C2B99}.Release|Any CPU.ActiveCfg = Release|Any CPU
		{AE6B95BD-16AE-4F59-970A-9894668C2B99}.Release|Any CPU.Build.0 = Release|Any CPU
		{8ECFD665-F625-4AFF-A814-5BCCED74E24E}.Debug|Any CPU.ActiveCfg = Debug|Any CPU
		{8ECFD665-F625-4AFF-A814-5BCCED74E24E}.Debug|Any CPU.Build.0 = Debug|Any CPU
		{8ECFD665-F625-4AFF-A814-5BCCED74E24E}.Release|Any CPU.ActiveCfg = Release|Any CPU
		{8ECFD665-F625-4AFF-A814-5BCCED74E24E}.Release|Any CPU.Build.0 = Release|Any CPU
		{00D88538-C460-46E3-9A6F-DB6547EA17E5}.Debug|Any CPU.ActiveCfg = Debug|Any CPU
		{00D88538-C460-46E3-9A6F-DB6547EA17E5}.Debug|Any CPU.Build.0 = Debug|Any CPU
		{00D88538-C460-46E3-9A6F-DB6547EA17E5}.Release|Any CPU.ActiveCfg = Release|Any CPU
		{00D88538-C460-46E3-9A6F-DB6547EA17E5}.Release|Any CPU.Build.0 = Release|Any CPU
		{DB4A8BA9-340C-4442-B1E5-CCCA5173EB71}.Debug|Any CPU.ActiveCfg = Debug|Any CPU
		{DB4A8BA9-340C-4442-B1E5-CCCA5173EB71}.Debug|Any CPU.Build.0 = Debug|Any CPU
		{DB4A8BA9-340C-4442-B1E5-CCCA5173EB71}.Release|Any CPU.ActiveCfg = Release|Any CPU
		{DB4A8BA9-340C-4442-B1E5-CCCA5173EB71}.Release|Any CPU.Build.0 = Release|Any CPU
		{FF3FFE81-D7FE-4DD5-BE0E-9841A61E3BA5}.Debug|Any CPU.ActiveCfg = Debug|Any CPU
		{FF3FFE81-D7FE-4DD5-BE0E-9841A61E3BA5}.Debug|Any CPU.Build.0 = Debug|Any CPU
		{FF3FFE81-D7FE-4DD5-BE0E-9841A61E3BA5}.Release|Any CPU.ActiveCfg = Release|Any CPU
		{FF3FFE81-D7FE-4DD5-BE0E-9841A61E3BA5}.Release|Any CPU.Build.0 = Release|Any CPU
		{84AC2781-697D-40CE-AF6C-B2EC2114E542}.Debug|Any CPU.ActiveCfg = Debug|Any CPU
		{84AC2781-697D-40CE-AF6C-B2EC2114E542}.Debug|Any CPU.Build.0 = Debug|Any CPU
		{84AC2781-697D-40CE-AF6C-B2EC2114E542}.Release|Any CPU.ActiveCfg = Release|Any CPU
		{84AC2781-697D-40CE-AF6C-B2EC2114E542}.Release|Any CPU.Build.0 = Release|Any CPU
		{31526948-1D20-4E1D-9F11-DFC1F1BE0ED9}.Debug|Any CPU.ActiveCfg = Debug|Any CPU
		{31526948-1D20-4E1D-9F11-DFC1F1BE0ED9}.Debug|Any CPU.Build.0 = Debug|Any CPU
		{31526948-1D20-4E1D-9F11-DFC1F1BE0ED9}.Release|Any CPU.ActiveCfg = Release|Any CPU
		{31526948-1D20-4E1D-9F11-DFC1F1BE0ED9}.Release|Any CPU.Build.0 = Release|Any CPU
		{BCA40B11-856E-45CE-BFF8-B39C7E4E6C80}.Debug|Any CPU.ActiveCfg = Debug|Any CPU
		{BCA40B11-856E-45CE-BFF8-B39C7E4E6C80}.Debug|Any CPU.Build.0 = Debug|Any CPU
		{BCA40B11-856E-45CE-BFF8-B39C7E4E6C80}.Release|Any CPU.ActiveCfg = Release|Any CPU
		{BCA40B11-856E-45CE-BFF8-B39C7E4E6C80}.Release|Any CPU.Build.0 = Release|Any CPU
		{63421091-D2F7-44E8-B4D3-F68F237DAC71}.Debug|Any CPU.ActiveCfg = Debug|Any CPU
		{63421091-D2F7-44E8-B4D3-F68F237DAC71}.Debug|Any CPU.Build.0 = Debug|Any CPU
		{63421091-D2F7-44E8-B4D3-F68F237DAC71}.Release|Any CPU.ActiveCfg = Release|Any CPU
		{63421091-D2F7-44E8-B4D3-F68F237DAC71}.Release|Any CPU.Build.0 = Release|Any CPU
		{91994C45-C39C-4771-8EF1-96B9B3A07B72}.Debug|Any CPU.ActiveCfg = Debug|Any CPU
		{91994C45-C39C-4771-8EF1-96B9B3A07B72}.Debug|Any CPU.Build.0 = Debug|Any CPU
		{91994C45-C39C-4771-8EF1-96B9B3A07B72}.Release|Any CPU.ActiveCfg = Release|Any CPU
		{91994C45-C39C-4771-8EF1-96B9B3A07B72}.Release|Any CPU.Build.0 = Release|Any CPU
		{A9A52163-C138-40D1-9D81-3AF4B17C6212}.Debug|Any CPU.ActiveCfg = Debug|Any CPU
		{A9A52163-C138-40D1-9D81-3AF4B17C6212}.Debug|Any CPU.Build.0 = Debug|Any CPU
		{A9A52163-C138-40D1-9D81-3AF4B17C6212}.Release|Any CPU.ActiveCfg = Release|Any CPU
		{A9A52163-C138-40D1-9D81-3AF4B17C6212}.Release|Any CPU.Build.0 = Release|Any CPU
	EndGlobalSection
	GlobalSection(SolutionProperties) = preSolution
		HideSolutionNode = FALSE
	EndGlobalSection
EndGlobal
