
Microsoft Visual Studio Solution File, Format Version 12.00
# Visual Studio Version 18
VisualStudioVersion = 18.1.11312.151
MinimumVisualStudioVersion = 10.0.40219.1
Project("{2150E333-8FDC-42A3-9474-1A3956D46DE8}") = "Doc", "Doc", "{9163E653-710D-4F9F-96B0-EAEDDC610BFB}"
	ProjectSection(SolutionItems) = preProject
		..\..\Imagens\dockerps.JPG = ..\..\Imagens\dockerps.JPG
		install_docker_files.txt = install_docker_files.txt
		ReingOfHumanae\Json.txt = ReingOfHumanae\Json.txt
	EndProjectSection
EndProject
Project("{2150E333-8FDC-42A3-9474-1A3956D46DE8}") = "Solution Items", "Solution Items", "{5C4DF4AD-7E16-4856-B2A6-FAEEADDB2C41}"
	ProjectSection(SolutionItems) = preProject
		.editorconfig = .editorconfig
		RUNDOCKER.ps = RUNDOCKER.ps
		RUNDOCKER.sh = RUNDOCKER.sh
	EndProjectSection
EndProject
Project("{2150E333-8FDC-42A3-9474-1A3956D46DE8}") = "src", "src", "{5FADFA80-D5DA-44E7-B906-59D055EF50DC}"
EndProject
Project("{2150E333-8FDC-42A3-9474-1A3956D46DE8}") = "Api", "Api", "{E032234B-EEAA-4BC3-B24B-2C2793642015}"
EndProject
Project("{9A19103F-16F7-4668-BE54-9A1E7A4F7556}") = "ROH.Api.Account", "src\Api\ROH.Api.Account\ROH.Api.Account.csproj", "{F5E65055-CC2B-4D25-9AB4-2C9FDB5CBA25}"
EndProject
Project("{9A19103F-16F7-4668-BE54-9A1E7A4F7556}") = "ROH.Api.Login", "src\Api\ROH.Api.Login\ROH.Api.Login.csproj", "{D0D1FC3A-6279-4FDA-8621-929F6A270713}"
EndProject
Project("{9A19103F-16F7-4668-BE54-9A1E7A4F7556}") = "ROH.Api.Player", "src\Api\ROH.Api.Player\ROH.Api.Player.csproj", "{4478CDBD-51F1-4D13-A7E6-ED7696EF1160}"
EndProject
Project("{9A19103F-16F7-4668-BE54-9A1E7A4F7556}") = "ROH.Api.Version", "src\Api\ROH.Api.Version\ROH.Api.Version.csproj", "{7335920F-9D41-471F-9140-A6A2259D9277}"
EndProject
Project("{9A19103F-16F7-4668-BE54-9A1E7A4F7556}") = "ROH.Api.VersionFiles", "src\Api\ROH.Api.VersionFiles\ROH.Api.VersionFiles.csproj", "{4199C3A8-1920-4B65-8BD0-9D3E8183B774}"
EndProject
Project("{2150E333-8FDC-42A3-9474-1A3956D46DE8}") = "Blazor", "Blazor", "{6204A1EF-4574-40AC-936D-0E403EB6AF75}"
EndProject
Project("{9A19103F-16F7-4668-BE54-9A1E7A4F7556}") = "ROH.Blazor.Server", "src\Blazor\ROH.Blazor.Server\ROH.Blazor.Server.csproj", "{D66081AD-589D-4F30-B655-85B5F27705BA}"
EndProject
Project("{2150E333-8FDC-42A3-9474-1A3956D46DE8}") = "Common", "Common", "{9BF9EF08-5FB4-4014-8D3D-4F6BAE184FD5}"
EndProject
Project("{9A19103F-16F7-4668-BE54-9A1E7A4F7556}") = "ROH.Mapping", "src\Common\ROH.Mapper\ROH.Mapping.csproj", "{9F2A055D-8509-463C-9A99-88309E604451}"
EndProject
Project("{9A19103F-16F7-4668-BE54-9A1E7A4F7556}") = "ROH.StandardModels", "src\Common\ROH.StandardModels\ROH.StandardModels.csproj", "{4C42EF23-470A-4108-B560-A569C7B3F405}"
EndProject
Project("{9A19103F-16F7-4668-BE54-9A1E7A4F7556}") = "ROH.Utils", "src\Common\ROH.Utils\ROH.Utils.csproj", "{4E85D82F-DB52-4799-8C9B-65270D421A07}"
EndProject
Project("{2150E333-8FDC-42A3-9474-1A3956D46DE8}") = "Database", "Database", "{69C2FA84-4DA4-4FA5-863D-B2DBC93B25B9}"
EndProject
Project("{2150E333-8FDC-42A3-9474-1A3956D46DE8}") = "Gateway", "Gateway", "{A6D6C977-AADE-4CEE-B023-794D10655C4A}"
EndProject
Project("{9A19103F-16F7-4668-BE54-9A1E7A4F7556}") = "ROH.Gateway", "src\Gateway\ROH.Gateway\ROH.Gateway.csproj", "{EF4B43A8-3539-4630-B605-168FC13D3355}"
EndProject
Project("{2150E333-8FDC-42A3-9474-1A3956D46DE8}") = "Service", "Service", "{AF54ADB7-357D-4157-9B4B-421DABC0C845}"
EndProject
Project("{2150E333-8FDC-42A3-9474-1A3956D46DE8}") = "Test", "Test", "{1A67CC29-259C-4581-804D-8FEAB0517DB6}"
EndProject
Project("{2150E333-8FDC-42A3-9474-1A3956D46DE8}") = "Validation", "Validation", "{ED7F77A8-31C1-4E26-8E12-D9C385088FDE}"
EndProject
Project("{FAE04EC0-301F-11D3-BF4B-00C04F79EFBC}") = "ROH.Context.Account", "src\Database\ROH.Context.Account\ROH.Context.Account.csproj", "{9FCDEA8B-94EF-4307-BA5E-D80D4614BEDF}"
EndProject
Project("{FAE04EC0-301F-11D3-BF4B-00C04F79EFBC}") = "ROH.Context.File", "src\Database\ROH.Context.File\ROH.Context.File.csproj", "{9BF98C78-B3CA-49BC-A079-B4C6F0BB3AAF}"
EndProject
Project("{FAE04EC0-301F-11D3-BF4B-00C04F79EFBC}") = "ROH.Context.Log", "src\Database\ROH.Context.Log\ROH.Context.Log.csproj", "{EACBC510-706F-4C21-8DF6-0EB797CB0711}"
EndProject
Project("{FAE04EC0-301F-11D3-BF4B-00C04F79EFBC}") = "ROH.Context.Player", "src\Database\ROH.Context.Player\ROH.Context.Player.csproj", "{A6580668-EA5D-42A4-9D0B-38AF951E97B7}"
EndProject
Project("{FAE04EC0-301F-11D3-BF4B-00C04F79EFBC}") = "ROH.Context.Version", "src\Database\ROH.Context.Version\ROH.Context.Version.csproj", "{773E61AF-DB02-4AC5-9039-9E79054AC947}"
EndProject
Project("{FAE04EC0-301F-11D3-BF4B-00C04F79EFBC}") = "ROH.Service.Account", "src\Service\ROH.Service.Account\ROH.Service.Account.csproj", "{342196AF-056A-4E94-9B41-C167BBA91903}"
EndProject
Project("{FAE04EC0-301F-11D3-BF4B-00C04F79EFBC}") = "ROH.Service.Authentication", "src\Service\ROH.Service.Authentication\ROH.Service.Authentication.csproj", "{2829CA1D-0EAE-490F-8475-D4B209BFE5D5}"
EndProject
Project("{FAE04EC0-301F-11D3-BF4B-00C04F79EFBC}") = "ROH.Service.Exception", "src\Service\ROH.Service.Exception\ROH.Service.Exception.csproj", "{57D7C6C9-A1AA-49BE-BB6A-2E693B2EB11B}"
EndProject
Project("{FAE04EC0-301F-11D3-BF4B-00C04F79EFBC}") = "ROH.Service.File", "src\Service\ROH.Service.File\ROH.Service.File.csproj", "{B3198C23-CE7C-46F6-9C9E-59169F0DF8D4}"
EndProject
Project("{FAE04EC0-301F-11D3-BF4B-00C04F79EFBC}") = "ROH.Service.Version", "src\Service\ROH.Service.Version\ROH.Service.Version.csproj", "{B5480900-F652-434D-B3E4-BF0D63BFED9F}"
EndProject
Project("{FAE04EC0-301F-11D3-BF4B-00C04F79EFBC}") = "ROH.Context.Item", "src\Database\ROH.Context.Item\ROH.Context.Item.csproj", "{B4485698-E5A0-4883-AA53-6F514E79C20A}"
EndProject
Project("{FAE04EC0-301F-11D3-BF4B-00C04F79EFBC}") = "ROH.Service.Log", "src\Service\ROH.Service.Log\ROH.Service.Log.csproj", "{5AAFC6B2-949D-49DB-A29F-50D25CD22017}"
EndProject
Project("{FAE04EC0-301F-11D3-BF4B-00C04F79EFBC}") = "ROH.Api.Log", "src\Api\ROH.Api.Log\ROH.Api.Log.csproj", "{67531643-22EC-4C13-83FC-2C2601E4694E}"
EndProject
Project("{FAE04EC0-301F-11D3-BF4B-00C04F79EFBC}") = "ROH.Validations", "src\Validation\ROH.Validations\ROH.Validations.csproj", "{335197A9-E0D7-3F02-4460-CF30D69B05FE}"
EndProject
Project("{FAE04EC0-301F-11D3-BF4B-00C04F79EFBC}") = "ROH.Test", "src\Test\ROH.Test\ROH.Test.csproj", "{C10F2178-4B25-9FEC-C118-C0FD56D52480}"
EndProject
Project("{FAE04EC0-301F-11D3-BF4B-00C04F79EFBC}") = "ROH.Context.Player.Mongo", "src\Database\ROH.Context.Player.Mongo\ROH.Context.Player.Mongo.csproj", "{FA1247EA-B8B8-8AB4-BD4C-A8B544CA00DE}"
EndProject
Project("{FAE04EC0-301F-11D3-BF4B-00C04F79EFBC}") = "ROH.Service.Player", "src\Service\ROH.Service.Player\ROH.Service.Player.csproj", "{951FE83F-0A05-EE60-2D11-3F3A76ACC00F}"
EndProject
Project("{FAE04EC0-301F-11D3-BF4B-00C04F79EFBC}") = "ROH.Service.Player.Grpc", "src\Service\ROH.Service.Player.Grpc\ROH.Service.Player.Grpc.csproj", "{EF50CD73-4427-42FF-B27E-599D49DCCF46}"
EndProject
Project("{FAE04EC0-301F-11D3-BF4B-00C04F79EFBC}") = "ROH.Service.World", "src\Service\ROH.Service.World\ROH.Service.World.csproj", "{94E4F882-21FC-41F5-BB6D-D2BCF4DC7103}"
EndProject
Project("{FAE04EC0-301F-11D3-BF4B-00C04F79EFBC}") = "ROH.Contracts", "src\Common\ROH.Contracts\ROH.Contracts.csproj", "{1EE6ABCA-B0FA-4C0D-8171-21ABB529F527}"
EndProject
Project("{FAE04EC0-301F-11D3-BF4B-00C04F79EFBC}") = "ROH.Api.WorldSync.Player", "src\Api\ROH.Api.WorldSync.Player\ROH.Api.WorldSync.Player.csproj", "{D5072C7E-9B89-440E-B55C-EB8EFD9CBF18}"
EndProject
Project("{FAE04EC0-301F-11D3-BF4B-00C04F79EFBC}") = "ROH.Context.Player.Redis", "src\Database\ROH.Context.Player.Redis\ROH.Context.Player.Redis.csproj", "{856A6BFC-3E46-401D-802C-0DC3C2AB23CA}"
EndProject
Project("{2150E333-8FDC-42A3-9474-1A3956D46DE8}") = "Worker", "Worker", "{71A8349E-C34E-4B3A-A233-D31C3A1E8C21}"
EndProject
Project("{FAE04EC0-301F-11D3-BF4B-00C04F79EFBC}") = "ROH.Worker.GetNearbyPlayer", "src\Worker\ROH.Worker.GetNearbyPlayer\ROH.Worker.GetNearbyPlayer.csproj", "{2A45710C-A503-40DD-8398-2EF87480021E}"
EndProject
Project("{FAE04EC0-301F-11D3-BF4B-00C04F79EFBC}") = "ROH.Api.PlayerSync.State", "src\Api\ROH.Api.PlayerSync.State\ROH.Api.PlayerSync.State.csproj", "{CB3CADE1-6736-400C-B2FC-BD02A2ED8BF5}"
EndProject
Project("{FAE04EC0-301F-11D3-BF4B-00C04F79EFBC}") = "ROH.Service.Player.WebSocket", "src\Service\ROH.Service.Player.WebSocket\ROH.Service.Player.WebSocket.csproj", "{07263CEF-CA98-42F9-8F27-767FCC26C7CF}"
EndProject
Project("{FAE04EC0-301F-11D3-BF4B-00C04F79EFBC}") = "ROH.Service.WebSocket", "src\Service\ROH.Service.WebSocket\ROH.Service.WebSocket.csproj", "{4E10898D-61C7-4C66-8458-EF870DC01E92}"
EndProject
Global
	GlobalSection(SolutionConfigurationPlatforms) = preSolution
		Debug|Any CPU = Debug|Any CPU
		Release|Any CPU = Release|Any CPU
		Test|Any CPU = Test|Any CPU
	EndGlobalSection
	GlobalSection(ProjectConfigurationPlatforms) = postSolution
		{F5E65055-CC2B-4D25-9AB4-2C9FDB5CBA25}.Debug|Any CPU.ActiveCfg = Debug|Any CPU
		{F5E65055-CC2B-4D25-9AB4-2C9FDB5CBA25}.Debug|Any CPU.Build.0 = Debug|Any CPU
		{F5E65055-CC2B-4D25-9AB4-2C9FDB5CBA25}.Release|Any CPU.ActiveCfg = Release|Any CPU
		{F5E65055-CC2B-4D25-9AB4-2C9FDB5CBA25}.Release|Any CPU.Build.0 = Release|Any CPU
		{F5E65055-CC2B-4D25-9AB4-2C9FDB5CBA25}.Test|Any CPU.ActiveCfg = Debug|Any CPU
		{F5E65055-CC2B-4D25-9AB4-2C9FDB5CBA25}.Test|Any CPU.Build.0 = Debug|Any CPU
		{D0D1FC3A-6279-4FDA-8621-929F6A270713}.Debug|Any CPU.ActiveCfg = Debug|Any CPU
		{D0D1FC3A-6279-4FDA-8621-929F6A270713}.Debug|Any CPU.Build.0 = Debug|Any CPU
		{D0D1FC3A-6279-4FDA-8621-929F6A270713}.Release|Any CPU.ActiveCfg = Release|Any CPU
		{D0D1FC3A-6279-4FDA-8621-929F6A270713}.Release|Any CPU.Build.0 = Release|Any CPU
		{D0D1FC3A-6279-4FDA-8621-929F6A270713}.Test|Any CPU.ActiveCfg = Debug|Any CPU
		{D0D1FC3A-6279-4FDA-8621-929F6A270713}.Test|Any CPU.Build.0 = Debug|Any CPU
		{4478CDBD-51F1-4D13-A7E6-ED7696EF1160}.Debug|Any CPU.ActiveCfg = Debug|Any CPU
		{4478CDBD-51F1-4D13-A7E6-ED7696EF1160}.Debug|Any CPU.Build.0 = Debug|Any CPU
		{4478CDBD-51F1-4D13-A7E6-ED7696EF1160}.Release|Any CPU.ActiveCfg = Release|Any CPU
		{4478CDBD-51F1-4D13-A7E6-ED7696EF1160}.Release|Any CPU.Build.0 = Release|Any CPU
		{4478CDBD-51F1-4D13-A7E6-ED7696EF1160}.Test|Any CPU.ActiveCfg = Debug|Any CPU
		{4478CDBD-51F1-4D13-A7E6-ED7696EF1160}.Test|Any CPU.Build.0 = Debug|Any CPU
		{7335920F-9D41-471F-9140-A6A2259D9277}.Debug|Any CPU.ActiveCfg = Debug|Any CPU
		{7335920F-9D41-471F-9140-A6A2259D9277}.Debug|Any CPU.Build.0 = Debug|Any CPU
		{7335920F-9D41-471F-9140-A6A2259D9277}.Release|Any CPU.ActiveCfg = Release|Any CPU
		{7335920F-9D41-471F-9140-A6A2259D9277}.Release|Any CPU.Build.0 = Release|Any CPU
		{7335920F-9D41-471F-9140-A6A2259D9277}.Test|Any CPU.ActiveCfg = Test|Any CPU
		{7335920F-9D41-471F-9140-A6A2259D9277}.Test|Any CPU.Build.0 = Test|Any CPU
		{4199C3A8-1920-4B65-8BD0-9D3E8183B774}.Debug|Any CPU.ActiveCfg = Debug|Any CPU
		{4199C3A8-1920-4B65-8BD0-9D3E8183B774}.Debug|Any CPU.Build.0 = Debug|Any CPU
		{4199C3A8-1920-4B65-8BD0-9D3E8183B774}.Release|Any CPU.ActiveCfg = Release|Any CPU
		{4199C3A8-1920-4B65-8BD0-9D3E8183B774}.Release|Any CPU.Build.0 = Release|Any CPU
		{4199C3A8-1920-4B65-8BD0-9D3E8183B774}.Test|Any CPU.ActiveCfg = Test|Any CPU
		{4199C3A8-1920-4B65-8BD0-9D3E8183B774}.Test|Any CPU.Build.0 = Test|Any CPU
		{D66081AD-589D-4F30-B655-85B5F27705BA}.Debug|Any CPU.ActiveCfg = Debug|Any CPU
		{D66081AD-589D-4F30-B655-85B5F27705BA}.Debug|Any CPU.Build.0 = Debug|Any CPU
		{D66081AD-589D-4F30-B655-85B5F27705BA}.Release|Any CPU.ActiveCfg = Release|Any CPU
		{D66081AD-589D-4F30-B655-85B5F27705BA}.Release|Any CPU.Build.0 = Release|Any CPU
		{D66081AD-589D-4F30-B655-85B5F27705BA}.Test|Any CPU.ActiveCfg = Test|Any CPU
		{D66081AD-589D-4F30-B655-85B5F27705BA}.Test|Any CPU.Build.0 = Test|Any CPU
		{9F2A055D-8509-463C-9A99-88309E604451}.Debug|Any CPU.ActiveCfg = Debug|Any CPU
		{9F2A055D-8509-463C-9A99-88309E604451}.Debug|Any CPU.Build.0 = Debug|Any CPU
		{9F2A055D-8509-463C-9A99-88309E604451}.Release|Any CPU.ActiveCfg = Release|Any CPU
		{9F2A055D-8509-463C-9A99-88309E604451}.Release|Any CPU.Build.0 = Release|Any CPU
		{9F2A055D-8509-463C-9A99-88309E604451}.Test|Any CPU.ActiveCfg = Test|Any CPU
		{9F2A055D-8509-463C-9A99-88309E604451}.Test|Any CPU.Build.0 = Test|Any CPU
		{4C42EF23-470A-4108-B560-A569C7B3F405}.Debug|Any CPU.ActiveCfg = Debug|Any CPU
		{4C42EF23-470A-4108-B560-A569C7B3F405}.Debug|Any CPU.Build.0 = Debug|Any CPU
		{4C42EF23-470A-4108-B560-A569C7B3F405}.Release|Any CPU.ActiveCfg = Release|Any CPU
		{4C42EF23-470A-4108-B560-A569C7B3F405}.Release|Any CPU.Build.0 = Release|Any CPU
		{4C42EF23-470A-4108-B560-A569C7B3F405}.Test|Any CPU.ActiveCfg = Test|Any CPU
		{4C42EF23-470A-4108-B560-A569C7B3F405}.Test|Any CPU.Build.0 = Test|Any CPU
		{4E85D82F-DB52-4799-8C9B-65270D421A07}.Debug|Any CPU.ActiveCfg = Debug|Any CPU
		{4E85D82F-DB52-4799-8C9B-65270D421A07}.Debug|Any CPU.Build.0 = Debug|Any CPU
		{4E85D82F-DB52-4799-8C9B-65270D421A07}.Release|Any CPU.ActiveCfg = Release|Any CPU
		{4E85D82F-DB52-4799-8C9B-65270D421A07}.Release|Any CPU.Build.0 = Release|Any CPU
		{4E85D82F-DB52-4799-8C9B-65270D421A07}.Test|Any CPU.ActiveCfg = Test|Any CPU
		{4E85D82F-DB52-4799-8C9B-65270D421A07}.Test|Any CPU.Build.0 = Test|Any CPU
		{EF4B43A8-3539-4630-B605-168FC13D3355}.Debug|Any CPU.ActiveCfg = Debug|Any CPU
		{EF4B43A8-3539-4630-B605-168FC13D3355}.Debug|Any CPU.Build.0 = Debug|Any CPU
		{EF4B43A8-3539-4630-B605-168FC13D3355}.Release|Any CPU.ActiveCfg = Release|Any CPU
		{EF4B43A8-3539-4630-B605-168FC13D3355}.Release|Any CPU.Build.0 = Release|Any CPU
		{EF4B43A8-3539-4630-B605-168FC13D3355}.Test|Any CPU.ActiveCfg = Test|Any CPU
		{EF4B43A8-3539-4630-B605-168FC13D3355}.Test|Any CPU.Build.0 = Test|Any CPU
		{9FCDEA8B-94EF-4307-BA5E-D80D4614BEDF}.Debug|Any CPU.ActiveCfg = Debug|Any CPU
		{9FCDEA8B-94EF-4307-BA5E-D80D4614BEDF}.Debug|Any CPU.Build.0 = Debug|Any CPU
		{9FCDEA8B-94EF-4307-BA5E-D80D4614BEDF}.Release|Any CPU.ActiveCfg = Release|Any CPU
		{9FCDEA8B-94EF-4307-BA5E-D80D4614BEDF}.Release|Any CPU.Build.0 = Release|Any CPU
		{9FCDEA8B-94EF-4307-BA5E-D80D4614BEDF}.Test|Any CPU.ActiveCfg = Debug|Any CPU
		{9FCDEA8B-94EF-4307-BA5E-D80D4614BEDF}.Test|Any CPU.Build.0 = Debug|Any CPU
		{9BF98C78-B3CA-49BC-A079-B4C6F0BB3AAF}.Debug|Any CPU.ActiveCfg = Debug|Any CPU
		{9BF98C78-B3CA-49BC-A079-B4C6F0BB3AAF}.Debug|Any CPU.Build.0 = Debug|Any CPU
		{9BF98C78-B3CA-49BC-A079-B4C6F0BB3AAF}.Release|Any CPU.ActiveCfg = Release|Any CPU
		{9BF98C78-B3CA-49BC-A079-B4C6F0BB3AAF}.Release|Any CPU.Build.0 = Release|Any CPU
		{9BF98C78-B3CA-49BC-A079-B4C6F0BB3AAF}.Test|Any CPU.ActiveCfg = Debug|Any CPU
		{9BF98C78-B3CA-49BC-A079-B4C6F0BB3AAF}.Test|Any CPU.Build.0 = Debug|Any CPU
		{EACBC510-706F-4C21-8DF6-0EB797CB0711}.Debug|Any CPU.ActiveCfg = Debug|Any CPU
		{EACBC510-706F-4C21-8DF6-0EB797CB0711}.Debug|Any CPU.Build.0 = Debug|Any CPU
		{EACBC510-706F-4C21-8DF6-0EB797CB0711}.Release|Any CPU.ActiveCfg = Release|Any CPU
		{EACBC510-706F-4C21-8DF6-0EB797CB0711}.Release|Any CPU.Build.0 = Release|Any CPU
		{EACBC510-706F-4C21-8DF6-0EB797CB0711}.Test|Any CPU.ActiveCfg = Debug|Any CPU
		{EACBC510-706F-4C21-8DF6-0EB797CB0711}.Test|Any CPU.Build.0 = Debug|Any CPU
		{A6580668-EA5D-42A4-9D0B-38AF951E97B7}.Debug|Any CPU.ActiveCfg = Debug|Any CPU
		{A6580668-EA5D-42A4-9D0B-38AF951E97B7}.Debug|Any CPU.Build.0 = Debug|Any CPU
		{A6580668-EA5D-42A4-9D0B-38AF951E97B7}.Release|Any CPU.ActiveCfg = Release|Any CPU
		{A6580668-EA5D-42A4-9D0B-38AF951E97B7}.Release|Any CPU.Build.0 = Release|Any CPU
		{A6580668-EA5D-42A4-9D0B-38AF951E97B7}.Test|Any CPU.ActiveCfg = Debug|Any CPU
		{A6580668-EA5D-42A4-9D0B-38AF951E97B7}.Test|Any CPU.Build.0 = Debug|Any CPU
		{773E61AF-DB02-4AC5-9039-9E79054AC947}.Debug|Any CPU.ActiveCfg = Debug|Any CPU
		{773E61AF-DB02-4AC5-9039-9E79054AC947}.Debug|Any CPU.Build.0 = Debug|Any CPU
		{773E61AF-DB02-4AC5-9039-9E79054AC947}.Release|Any CPU.ActiveCfg = Release|Any CPU
		{773E61AF-DB02-4AC5-9039-9E79054AC947}.Release|Any CPU.Build.0 = Release|Any CPU
		{773E61AF-DB02-4AC5-9039-9E79054AC947}.Test|Any CPU.ActiveCfg = Debug|Any CPU
		{773E61AF-DB02-4AC5-9039-9E79054AC947}.Test|Any CPU.Build.0 = Debug|Any CPU
		{342196AF-056A-4E94-9B41-C167BBA91903}.Debug|Any CPU.ActiveCfg = Debug|Any CPU
		{342196AF-056A-4E94-9B41-C167BBA91903}.Debug|Any CPU.Build.0 = Debug|Any CPU
		{342196AF-056A-4E94-9B41-C167BBA91903}.Release|Any CPU.ActiveCfg = Release|Any CPU
		{342196AF-056A-4E94-9B41-C167BBA91903}.Release|Any CPU.Build.0 = Release|Any CPU
		{342196AF-056A-4E94-9B41-C167BBA91903}.Test|Any CPU.ActiveCfg = Debug|Any CPU
		{342196AF-056A-4E94-9B41-C167BBA91903}.Test|Any CPU.Build.0 = Debug|Any CPU
		{2829CA1D-0EAE-490F-8475-D4B209BFE5D5}.Debug|Any CPU.ActiveCfg = Debug|Any CPU
		{2829CA1D-0EAE-490F-8475-D4B209BFE5D5}.Debug|Any CPU.Build.0 = Debug|Any CPU
		{2829CA1D-0EAE-490F-8475-D4B209BFE5D5}.Release|Any CPU.ActiveCfg = Release|Any CPU
		{2829CA1D-0EAE-490F-8475-D4B209BFE5D5}.Release|Any CPU.Build.0 = Release|Any CPU
		{2829CA1D-0EAE-490F-8475-D4B209BFE5D5}.Test|Any CPU.ActiveCfg = Debug|Any CPU
		{2829CA1D-0EAE-490F-8475-D4B209BFE5D5}.Test|Any CPU.Build.0 = Debug|Any CPU
		{57D7C6C9-A1AA-49BE-BB6A-2E693B2EB11B}.Debug|Any CPU.ActiveCfg = Debug|Any CPU
		{57D7C6C9-A1AA-49BE-BB6A-2E693B2EB11B}.Debug|Any CPU.Build.0 = Debug|Any CPU
		{57D7C6C9-A1AA-49BE-BB6A-2E693B2EB11B}.Release|Any CPU.ActiveCfg = Release|Any CPU
		{57D7C6C9-A1AA-49BE-BB6A-2E693B2EB11B}.Release|Any CPU.Build.0 = Release|Any CPU
		{57D7C6C9-A1AA-49BE-BB6A-2E693B2EB11B}.Test|Any CPU.ActiveCfg = Debug|Any CPU
		{57D7C6C9-A1AA-49BE-BB6A-2E693B2EB11B}.Test|Any CPU.Build.0 = Debug|Any CPU
		{B3198C23-CE7C-46F6-9C9E-59169F0DF8D4}.Debug|Any CPU.ActiveCfg = Debug|Any CPU
		{B3198C23-CE7C-46F6-9C9E-59169F0DF8D4}.Debug|Any CPU.Build.0 = Debug|Any CPU
		{B3198C23-CE7C-46F6-9C9E-59169F0DF8D4}.Release|Any CPU.ActiveCfg = Release|Any CPU
		{B3198C23-CE7C-46F6-9C9E-59169F0DF8D4}.Release|Any CPU.Build.0 = Release|Any CPU
		{B3198C23-CE7C-46F6-9C9E-59169F0DF8D4}.Test|Any CPU.ActiveCfg = Debug|Any CPU
		{B3198C23-CE7C-46F6-9C9E-59169F0DF8D4}.Test|Any CPU.Build.0 = Debug|Any CPU
		{B5480900-F652-434D-B3E4-BF0D63BFED9F}.Debug|Any CPU.ActiveCfg = Debug|Any CPU
		{B5480900-F652-434D-B3E4-BF0D63BFED9F}.Debug|Any CPU.Build.0 = Debug|Any CPU
		{B5480900-F652-434D-B3E4-BF0D63BFED9F}.Release|Any CPU.ActiveCfg = Release|Any CPU
		{B5480900-F652-434D-B3E4-BF0D63BFED9F}.Release|Any CPU.Build.0 = Release|Any CPU
		{B5480900-F652-434D-B3E4-BF0D63BFED9F}.Test|Any CPU.ActiveCfg = Debug|Any CPU
		{B5480900-F652-434D-B3E4-BF0D63BFED9F}.Test|Any CPU.Build.0 = Debug|Any CPU
		{B4485698-E5A0-4883-AA53-6F514E79C20A}.Debug|Any CPU.ActiveCfg = Debug|Any CPU
		{B4485698-E5A0-4883-AA53-6F514E79C20A}.Debug|Any CPU.Build.0 = Debug|Any CPU
		{B4485698-E5A0-4883-AA53-6F514E79C20A}.Release|Any CPU.ActiveCfg = Release|Any CPU
		{B4485698-E5A0-4883-AA53-6F514E79C20A}.Release|Any CPU.Build.0 = Release|Any CPU
		{B4485698-E5A0-4883-AA53-6F514E79C20A}.Test|Any CPU.ActiveCfg = Debug|Any CPU
		{B4485698-E5A0-4883-AA53-6F514E79C20A}.Test|Any CPU.Build.0 = Debug|Any CPU
		{5AAFC6B2-949D-49DB-A29F-50D25CD22017}.Debug|Any CPU.ActiveCfg = Debug|Any CPU
		{5AAFC6B2-949D-49DB-A29F-50D25CD22017}.Debug|Any CPU.Build.0 = Debug|Any CPU
		{5AAFC6B2-949D-49DB-A29F-50D25CD22017}.Release|Any CPU.ActiveCfg = Release|Any CPU
		{5AAFC6B2-949D-49DB-A29F-50D25CD22017}.Release|Any CPU.Build.0 = Release|Any CPU
		{5AAFC6B2-949D-49DB-A29F-50D25CD22017}.Test|Any CPU.ActiveCfg = Debug|Any CPU
		{5AAFC6B2-949D-49DB-A29F-50D25CD22017}.Test|Any CPU.Build.0 = Debug|Any CPU
		{67531643-22EC-4C13-83FC-2C2601E4694E}.Debug|Any CPU.ActiveCfg = Debug|Any CPU
		{67531643-22EC-4C13-83FC-2C2601E4694E}.Debug|Any CPU.Build.0 = Debug|Any CPU
		{67531643-22EC-4C13-83FC-2C2601E4694E}.Release|Any CPU.ActiveCfg = Release|Any CPU
		{67531643-22EC-4C13-83FC-2C2601E4694E}.Release|Any CPU.Build.0 = Release|Any CPU
		{67531643-22EC-4C13-83FC-2C2601E4694E}.Test|Any CPU.ActiveCfg = Debug|Any CPU
		{67531643-22EC-4C13-83FC-2C2601E4694E}.Test|Any CPU.Build.0 = Debug|Any CPU
		{335197A9-E0D7-3F02-4460-CF30D69B05FE}.Debug|Any CPU.ActiveCfg = Debug|Any CPU
		{335197A9-E0D7-3F02-4460-CF30D69B05FE}.Debug|Any CPU.Build.0 = Debug|Any CPU
		{335197A9-E0D7-3F02-4460-CF30D69B05FE}.Release|Any CPU.ActiveCfg = Release|Any CPU
		{335197A9-E0D7-3F02-4460-CF30D69B05FE}.Release|Any CPU.Build.0 = Release|Any CPU
		{335197A9-E0D7-3F02-4460-CF30D69B05FE}.Test|Any CPU.ActiveCfg = Test|Any CPU
		{335197A9-E0D7-3F02-4460-CF30D69B05FE}.Test|Any CPU.Build.0 = Test|Any CPU
		{C10F2178-4B25-9FEC-C118-C0FD56D52480}.Debug|Any CPU.ActiveCfg = Debug|Any CPU
		{C10F2178-4B25-9FEC-C118-C0FD56D52480}.Debug|Any CPU.Build.0 = Debug|Any CPU
		{C10F2178-4B25-9FEC-C118-C0FD56D52480}.Release|Any CPU.ActiveCfg = Release|Any CPU
		{C10F2178-4B25-9FEC-C118-C0FD56D52480}.Release|Any CPU.Build.0 = Release|Any CPU
		{C10F2178-4B25-9FEC-C118-C0FD56D52480}.Test|Any CPU.ActiveCfg = Test|Any CPU
		{C10F2178-4B25-9FEC-C118-C0FD56D52480}.Test|Any CPU.Build.0 = Test|Any CPU
		{FA1247EA-B8B8-8AB4-BD4C-A8B544CA00DE}.Debug|Any CPU.ActiveCfg = Debug|Any CPU
		{FA1247EA-B8B8-8AB4-BD4C-A8B544CA00DE}.Debug|Any CPU.Build.0 = Debug|Any CPU
		{FA1247EA-B8B8-8AB4-BD4C-A8B544CA00DE}.Release|Any CPU.ActiveCfg = Release|Any CPU
		{FA1247EA-B8B8-8AB4-BD4C-A8B544CA00DE}.Release|Any CPU.Build.0 = Release|Any CPU
		{FA1247EA-B8B8-8AB4-BD4C-A8B544CA00DE}.Test|Any CPU.ActiveCfg = Debug|Any CPU
		{FA1247EA-B8B8-8AB4-BD4C-A8B544CA00DE}.Test|Any CPU.Build.0 = Debug|Any CPU
		{951FE83F-0A05-EE60-2D11-3F3A76ACC00F}.Debug|Any CPU.ActiveCfg = Debug|Any CPU
		{951FE83F-0A05-EE60-2D11-3F3A76ACC00F}.Debug|Any CPU.Build.0 = Debug|Any CPU
		{951FE83F-0A05-EE60-2D11-3F3A76ACC00F}.Release|Any CPU.ActiveCfg = Release|Any CPU
		{951FE83F-0A05-EE60-2D11-3F3A76ACC00F}.Release|Any CPU.Build.0 = Release|Any CPU
		{951FE83F-0A05-EE60-2D11-3F3A76ACC00F}.Test|Any CPU.ActiveCfg = Debug|Any CPU
		{951FE83F-0A05-EE60-2D11-3F3A76ACC00F}.Test|Any CPU.Build.0 = Debug|Any CPU
		{EF50CD73-4427-42FF-B27E-599D49DCCF46}.Debug|Any CPU.ActiveCfg = Debug|Any CPU
		{EF50CD73-4427-42FF-B27E-599D49DCCF46}.Debug|Any CPU.Build.0 = Debug|Any CPU
		{EF50CD73-4427-42FF-B27E-599D49DCCF46}.Release|Any CPU.ActiveCfg = Release|Any CPU
		{EF50CD73-4427-42FF-B27E-599D49DCCF46}.Release|Any CPU.Build.0 = Release|Any CPU
		{EF50CD73-4427-42FF-B27E-599D49DCCF46}.Test|Any CPU.ActiveCfg = Debug|Any CPU
		{EF50CD73-4427-42FF-B27E-599D49DCCF46}.Test|Any CPU.Build.0 = Debug|Any CPU
		{94E4F882-21FC-41F5-BB6D-D2BCF4DC7103}.Debug|Any CPU.ActiveCfg = Debug|Any CPU
		{94E4F882-21FC-41F5-BB6D-D2BCF4DC7103}.Debug|Any CPU.Build.0 = Debug|Any CPU
		{94E4F882-21FC-41F5-BB6D-D2BCF4DC7103}.Release|Any CPU.ActiveCfg = Release|Any CPU
		{94E4F882-21FC-41F5-BB6D-D2BCF4DC7103}.Release|Any CPU.Build.0 = Release|Any CPU
		{94E4F882-21FC-41F5-BB6D-D2BCF4DC7103}.Test|Any CPU.ActiveCfg = Debug|Any CPU
		{94E4F882-21FC-41F5-BB6D-D2BCF4DC7103}.Test|Any CPU.Build.0 = Debug|Any CPU
		{1EE6ABCA-B0FA-4C0D-8171-21ABB529F527}.Debug|Any CPU.ActiveCfg = Debug|Any CPU
		{1EE6ABCA-B0FA-4C0D-8171-21ABB529F527}.Debug|Any CPU.Build.0 = Debug|Any CPU
		{1EE6ABCA-B0FA-4C0D-8171-21ABB529F527}.Release|Any CPU.ActiveCfg = Release|Any CPU
		{1EE6ABCA-B0FA-4C0D-8171-21ABB529F527}.Release|Any CPU.Build.0 = Release|Any CPU
		{1EE6ABCA-B0FA-4C0D-8171-21ABB529F527}.Test|Any CPU.ActiveCfg = Debug|Any CPU
		{1EE6ABCA-B0FA-4C0D-8171-21ABB529F527}.Test|Any CPU.Build.0 = Debug|Any CPU
		{D5072C7E-9B89-440E-B55C-EB8EFD9CBF18}.Debug|Any CPU.ActiveCfg = Debug|Any CPU
		{D5072C7E-9B89-440E-B55C-EB8EFD9CBF18}.Debug|Any CPU.Build.0 = Debug|Any CPU
		{D5072C7E-9B89-440E-B55C-EB8EFD9CBF18}.Release|Any CPU.ActiveCfg = Release|Any CPU
		{D5072C7E-9B89-440E-B55C-EB8EFD9CBF18}.Release|Any CPU.Build.0 = Release|Any CPU
		{D5072C7E-9B89-440E-B55C-EB8EFD9CBF18}.Test|Any CPU.ActiveCfg = Debug|Any CPU
		{D5072C7E-9B89-440E-B55C-EB8EFD9CBF18}.Test|Any CPU.Build.0 = Debug|Any CPU
		{856A6BFC-3E46-401D-802C-0DC3C2AB23CA}.Debug|Any CPU.ActiveCfg = Debug|Any CPU
		{856A6BFC-3E46-401D-802C-0DC3C2AB23CA}.Debug|Any CPU.Build.0 = Debug|Any CPU
		{856A6BFC-3E46-401D-802C-0DC3C2AB23CA}.Release|Any CPU.ActiveCfg = Release|Any CPU
		{856A6BFC-3E46-401D-802C-0DC3C2AB23CA}.Release|Any CPU.Build.0 = Release|Any CPU
		{856A6BFC-3E46-401D-802C-0DC3C2AB23CA}.Test|Any CPU.ActiveCfg = Debug|Any CPU
		{856A6BFC-3E46-401D-802C-0DC3C2AB23CA}.Test|Any CPU.Build.0 = Debug|Any CPU
		{2A45710C-A503-40DD-8398-2EF87480021E}.Debug|Any CPU.ActiveCfg = Debug|Any CPU
		{2A45710C-A503-40DD-8398-2EF87480021E}.Debug|Any CPU.Build.0 = Debug|Any CPU
		{2A45710C-A503-40DD-8398-2EF87480021E}.Release|Any CPU.ActiveCfg = Release|Any CPU
		{2A45710C-A503-40DD-8398-2EF87480021E}.Release|Any CPU.Build.0 = Release|Any CPU
		{2A45710C-A503-40DD-8398-2EF87480021E}.Test|Any CPU.ActiveCfg = Debug|Any CPU
		{2A45710C-A503-40DD-8398-2EF87480021E}.Test|Any CPU.Build.0 = Debug|Any CPU
		{CB3CADE1-6736-400C-B2FC-BD02A2ED8BF5}.Debug|Any CPU.ActiveCfg = Debug|Any CPU
		{CB3CADE1-6736-400C-B2FC-BD02A2ED8BF5}.Debug|Any CPU.Build.0 = Debug|Any CPU
		{CB3CADE1-6736-400C-B2FC-BD02A2ED8BF5}.Release|Any CPU.ActiveCfg = Release|Any CPU
		{CB3CADE1-6736-400C-B2FC-BD02A2ED8BF5}.Release|Any CPU.Build.0 = Release|Any CPU
		{CB3CADE1-6736-400C-B2FC-BD02A2ED8BF5}.Test|Any CPU.ActiveCfg = Debug|Any CPU
		{CB3CADE1-6736-400C-B2FC-BD02A2ED8BF5}.Test|Any CPU.Build.0 = Debug|Any CPU
		{07263CEF-CA98-42F9-8F27-767FCC26C7CF}.Debug|Any CPU.ActiveCfg = Debug|Any CPU
		{07263CEF-CA98-42F9-8F27-767FCC26C7CF}.Debug|Any CPU.Build.0 = Debug|Any CPU
		{07263CEF-CA98-42F9-8F27-767FCC26C7CF}.Release|Any CPU.ActiveCfg = Release|Any CPU
		{07263CEF-CA98-42F9-8F27-767FCC26C7CF}.Release|Any CPU.Build.0 = Release|Any CPU
		{07263CEF-CA98-42F9-8F27-767FCC26C7CF}.Test|Any CPU.ActiveCfg = Debug|Any CPU
		{07263CEF-CA98-42F9-8F27-767FCC26C7CF}.Test|Any CPU.Build.0 = Debug|Any CPU
		{4E10898D-61C7-4C66-8458-EF870DC01E92}.Debug|Any CPU.ActiveCfg = Debug|Any CPU
		{4E10898D-61C7-4C66-8458-EF870DC01E92}.Debug|Any CPU.Build.0 = Debug|Any CPU
		{4E10898D-61C7-4C66-8458-EF870DC01E92}.Release|Any CPU.ActiveCfg = Release|Any CPU
		{4E10898D-61C7-4C66-8458-EF870DC01E92}.Release|Any CPU.Build.0 = Release|Any CPU
		{4E10898D-61C7-4C66-8458-EF870DC01E92}.Test|Any CPU.ActiveCfg = Debug|Any CPU
		{4E10898D-61C7-4C66-8458-EF870DC01E92}.Test|Any CPU.Build.0 = Debug|Any CPU
	EndGlobalSection
	GlobalSection(SolutionProperties) = preSolution
		HideSolutionNode = FALSE
	EndGlobalSection
	GlobalSection(NestedProjects) = preSolution
		{E032234B-EEAA-4BC3-B24B-2C2793642015} = {5FADFA80-D5DA-44E7-B906-59D055EF50DC}
		{F5E65055-CC2B-4D25-9AB4-2C9FDB5CBA25} = {E032234B-EEAA-4BC3-B24B-2C2793642015}
		{D0D1FC3A-6279-4FDA-8621-929F6A270713} = {E032234B-EEAA-4BC3-B24B-2C2793642015}
		{4478CDBD-51F1-4D13-A7E6-ED7696EF1160} = {E032234B-EEAA-4BC3-B24B-2C2793642015}
		{7335920F-9D41-471F-9140-A6A2259D9277} = {E032234B-EEAA-4BC3-B24B-2C2793642015}
		{4199C3A8-1920-4B65-8BD0-9D3E8183B774} = {E032234B-EEAA-4BC3-B24B-2C2793642015}
		{6204A1EF-4574-40AC-936D-0E403EB6AF75} = {5FADFA80-D5DA-44E7-B906-59D055EF50DC}
		{D66081AD-589D-4F30-B655-85B5F27705BA} = {6204A1EF-4574-40AC-936D-0E403EB6AF75}
		{9BF9EF08-5FB4-4014-8D3D-4F6BAE184FD5} = {5FADFA80-D5DA-44E7-B906-59D055EF50DC}
		{9F2A055D-8509-463C-9A99-88309E604451} = {9BF9EF08-5FB4-4014-8D3D-4F6BAE184FD5}
		{4C42EF23-470A-4108-B560-A569C7B3F405} = {9BF9EF08-5FB4-4014-8D3D-4F6BAE184FD5}
		{4E85D82F-DB52-4799-8C9B-65270D421A07} = {9BF9EF08-5FB4-4014-8D3D-4F6BAE184FD5}
		{69C2FA84-4DA4-4FA5-863D-B2DBC93B25B9} = {5FADFA80-D5DA-44E7-B906-59D055EF50DC}
		{A6D6C977-AADE-4CEE-B023-794D10655C4A} = {5FADFA80-D5DA-44E7-B906-59D055EF50DC}
		{EF4B43A8-3539-4630-B605-168FC13D3355} = {A6D6C977-AADE-4CEE-B023-794D10655C4A}
		{AF54ADB7-357D-4157-9B4B-421DABC0C845} = {5FADFA80-D5DA-44E7-B906-59D055EF50DC}
		{1A67CC29-259C-4581-804D-8FEAB0517DB6} = {5FADFA80-D5DA-44E7-B906-59D055EF50DC}
		{ED7F77A8-31C1-4E26-8E12-D9C385088FDE} = {5FADFA80-D5DA-44E7-B906-59D055EF50DC}
		{9FCDEA8B-94EF-4307-BA5E-D80D4614BEDF} = {69C2FA84-4DA4-4FA5-863D-B2DBC93B25B9}
		{9BF98C78-B3CA-49BC-A079-B4C6F0BB3AAF} = {69C2FA84-4DA4-4FA5-863D-B2DBC93B25B9}
		{EACBC510-706F-4C21-8DF6-0EB797CB0711} = {69C2FA84-4DA4-4FA5-863D-B2DBC93B25B9}
		{A6580668-EA5D-42A4-9D0B-38AF951E97B7} = {69C2FA84-4DA4-4FA5-863D-B2DBC93B25B9}
		{773E61AF-DB02-4AC5-9039-9E79054AC947} = {69C2FA84-4DA4-4FA5-863D-B2DBC93B25B9}
		{342196AF-056A-4E94-9B41-C167BBA91903} = {AF54ADB7-357D-4157-9B4B-421DABC0C845}
		{2829CA1D-0EAE-490F-8475-D4B209BFE5D5} = {AF54ADB7-357D-4157-9B4B-421DABC0C845}
		{57D7C6C9-A1AA-49BE-BB6A-2E693B2EB11B} = {AF54ADB7-357D-4157-9B4B-421DABC0C845}
		{B3198C23-CE7C-46F6-9C9E-59169F0DF8D4} = {AF54ADB7-357D-4157-9B4B-421DABC0C845}
		{B5480900-F652-434D-B3E4-BF0D63BFED9F} = {AF54ADB7-357D-4157-9B4B-421DABC0C845}
		{B4485698-E5A0-4883-AA53-6F514E79C20A} = {69C2FA84-4DA4-4FA5-863D-B2DBC93B25B9}
		{5AAFC6B2-949D-49DB-A29F-50D25CD22017} = {AF54ADB7-357D-4157-9B4B-421DABC0C845}
		{67531643-22EC-4C13-83FC-2C2601E4694E} = {E032234B-EEAA-4BC3-B24B-2C2793642015}
		{335197A9-E0D7-3F02-4460-CF30D69B05FE} = {ED7F77A8-31C1-4E26-8E12-D9C385088FDE}
		{C10F2178-4B25-9FEC-C118-C0FD56D52480} = {1A67CC29-259C-4581-804D-8FEAB0517DB6}
		{FA1247EA-B8B8-8AB4-BD4C-A8B544CA00DE} = {69C2FA84-4DA4-4FA5-863D-B2DBC93B25B9}
		{951FE83F-0A05-EE60-2D11-3F3A76ACC00F} = {AF54ADB7-357D-4157-9B4B-421DABC0C845}
		{EF50CD73-4427-42FF-B27E-599D49DCCF46} = {AF54ADB7-357D-4157-9B4B-421DABC0C845}
		{94E4F882-21FC-41F5-BB6D-D2BCF4DC7103} = {AF54ADB7-357D-4157-9B4B-421DABC0C845}
		{1EE6ABCA-B0FA-4C0D-8171-21ABB529F527} = {9BF9EF08-5FB4-4014-8D3D-4F6BAE184FD5}
		{D5072C7E-9B89-440E-B55C-EB8EFD9CBF18} = {E032234B-EEAA-4BC3-B24B-2C2793642015}
		{856A6BFC-3E46-401D-802C-0DC3C2AB23CA} = {69C2FA84-4DA4-4FA5-863D-B2DBC93B25B9}
		{71A8349E-C34E-4B3A-A233-D31C3A1E8C21} = {5FADFA80-D5DA-44E7-B906-59D055EF50DC}
		{2A45710C-A503-40DD-8398-2EF87480021E} = {71A8349E-C34E-4B3A-A233-D31C3A1E8C21}
		{CB3CADE1-6736-400C-B2FC-BD02A2ED8BF5} = {E032234B-EEAA-4BC3-B24B-2C2793642015}
		{07263CEF-CA98-42F9-8F27-767FCC26C7CF} = {AF54ADB7-357D-4157-9B4B-421DABC0C845}
		{4E10898D-61C7-4C66-8458-EF870DC01E92} = {AF54ADB7-357D-4157-9B4B-421DABC0C845}
	EndGlobalSection
	GlobalSection(ExtensibilityGlobals) = postSolution
		SolutionGuid = {27EDF35D-5831-479E-BF70-D6CB24952E66}
	EndGlobalSection
EndGlobal
