
Microsoft Visual Studio Solution File, Format Version 12.00
# Visual Studio Version 17
VisualStudioVersion = 17.4.33403.182
MinimumVisualStudioVersion = 10.0.40219.1
Project("{2150E333-8FDC-42A3-9474-1A3956D46DE8}") = "Doc", "Doc", "{9163E653-710D-4F9F-96B0-EAEDDC610BFB}"
	ProjectSection(SolutionItems) = preProject
		..\..\Imagens\dockerps.JPG = ..\..\Imagens\dockerps.JPG
		install_docker_files.txt = install_docker_files.txt
		ReingOfHumanae\Json.txt = ReingOfHumanae\Json.txt
	EndProjectSection
EndProject
Project("{2150E333-8FDC-42A3-9474-1A3956D46DE8}") = "Solution Items", "Solution Items", "{5C4DF4AD-7E16-4856-B2A6-FAEEADDB2C41}"
	ProjectSection(SolutionItems) = preProject
		.editorconfig = .editorconfig
		RUNDOCKER.ps = RUNDOCKER.ps
		RUNDOCKER.sh = RUNDOCKER.sh
	EndProjectSection
EndProject
Project("{2150E333-8FDC-42A3-9474-1A3956D46DE8}") = "src", "src", "{5FADFA80-D5DA-44E7-B906-59D055EF50DC}"
EndProject
Project("{2150E333-8FDC-42A3-9474-1A3956D46DE8}") = "Api", "Api", "{E032234B-EEAA-4BC3-B24B-2C2793642015}"
EndProject
Project("{9A19103F-16F7-4668-BE54-9A1E7A4F7556}") = "ROH.Api.Account", "src\Api\ROH.Api.Account\ROH.Api.Account.csproj", "{F5E65055-CC2B-4D25-9AB4-2C9FDB5CBA25}"
EndProject
Project("{9A19103F-16F7-4668-BE54-9A1E7A4F7556}") = "ROH.Api.Login", "src\Api\ROH.Api.Login\ROH.Api.Login.csproj", "{D0D1FC3A-6279-4FDA-8621-929F6A270713}"
EndProject
Project("{9A19103F-16F7-4668-BE54-9A1E7A4F7556}") = "ROH.Api.Player", "src\Api\ROH.Api.Player\ROH.Api.Player.csproj", "{4478CDBD-51F1-4D13-A7E6-ED7696EF1160}"
EndProject
Project("{9A19103F-16F7-4668-BE54-9A1E7A4F7556}") = "ROH.Api.Version", "src\Api\ROH.Api.Version\ROH.Api.Version.csproj", "{7335920F-9D41-471F-9140-A6A2259D9277}"
EndProject
Project("{9A19103F-16F7-4668-BE54-9A1E7A4F7556}") = "ROH.Api.VersionFiles", "src\Api\ROH.Api.VersionFiles\ROH.Api.VersionFiles.csproj", "{4199C3A8-1920-4B65-8BD0-9D3E8183B774}"
EndProject
Project("{2150E333-8FDC-42A3-9474-1A3956D46DE8}") = "Blazor", "Blazor", "{6204A1EF-4574-40AC-936D-0E403EB6AF75}"
EndProject
Project("{9A19103F-16F7-4668-BE54-9A1E7A4F7556}") = "ROH.Blazor.Server", "src\Blazor\ROH.Blazor.Server\ROH.Blazor.Server.csproj", "{D66081AD-589D-4F30-B655-85B5F27705BA}"
EndProject
Project("{2150E333-8FDC-42A3-9474-1A3956D46DE8}") = "Common", "Common", "{9BF9EF08-5FB4-4014-8D3D-4F6BAE184FD5}"
EndProject
Project("{9A19103F-16F7-4668-BE54-9A1E7A4F7556}") = "ROH.Interfaces", "src\Common\ROH.Interfaces\ROH.Interfaces.csproj", "{776DCA8C-E8F3-406D-8CB3-3B635354CEB1}"
EndProject
Project("{9A19103F-16F7-4668-BE54-9A1E7A4F7556}") = "ROH.Mapping", "src\Common\ROH.Mapper\ROH.Mapping.csproj", "{9F2A055D-8509-463C-9A99-88309E604451}"
EndProject
Project("{9A19103F-16F7-4668-BE54-9A1E7A4F7556}") = "ROH.StandardModels", "src\Common\ROH.StandardModels\ROH.StandardModels.csproj", "{4C42EF23-470A-4108-B560-A569C7B3F405}"
EndProject
Project("{9A19103F-16F7-4668-BE54-9A1E7A4F7556}") = "ROH.Utils", "src\Common\ROH.Utils\ROH.Utils.csproj", "{4E85D82F-DB52-4799-8C9B-65270D421A07}"
EndProject
Project("{2150E333-8FDC-42A3-9474-1A3956D46DE8}") = "Database", "Database", "{69C2FA84-4DA4-4FA5-863D-B2DBC93B25B9}"
EndProject
Project("{9A19103F-16F7-4668-BE54-9A1E7A4F7556}") = "ROH.Context", "src\Database\ROH.Context\ROH.Context.csproj", "{C8278F9F-8337-45BC-91A7-AD7E73C1E5F4}"
EndProject
Project("{9A19103F-16F7-4668-BE54-9A1E7A4F7556}") = "ROH.Domain", "src\Database\ROH.Domain\ROH.Domain.csproj", "{3233D5C6-DEF3-470F-8008-2BF1E2D909D8}"
EndProject
Project("{9A19103F-16F7-4668-BE54-9A1E7A4F7556}") = "ROH.Repository", "src\Database\ROH.Repository\ROH.Repository.csproj", "{8449E170-32FB-498B-B2EE-36920B2120E7}"
EndProject
Project("{2150E333-8FDC-42A3-9474-1A3956D46DE8}") = "Gateway", "Gateway", "{A6D6C977-AADE-4CEE-B023-794D10655C4A}"
EndProject
Project("{9A19103F-16F7-4668-BE54-9A1E7A4F7556}") = "ROH.Gateway", "src\Gateway\ROH.Gateway\ROH.Gateway.csproj", "{EF4B43A8-3539-4630-B605-168FC13D3355}"
EndProject
Project("{2150E333-8FDC-42A3-9474-1A3956D46DE8}") = "Rules", "Rules", "{AF54ADB7-357D-4157-9B4B-421DABC0C845}"
EndProject
Project("{9A19103F-16F7-4668-BE54-9A1E7A4F7556}") = "ROH.Services", "src\Rules\ROH.Services\ROH.Services.csproj", "{62C2840D-8BC0-478C-A1EB-1EE9C124BF05}"
EndProject
Project("{9A19103F-16F7-4668-BE54-9A1E7A4F7556}") = "ROH.Test", "src\Rules\ROH.Test\ROH.Test.csproj", "{605783CA-57C1-47C5-A620-6406D7BFED7D}"
EndProject
Project("{9A19103F-16F7-4668-BE54-9A1E7A4F7556}") = "ROH.Validations", "src\Rules\ROH.Validations\ROH.Validations.csproj", "{BE97BEE2-D2A0-4276-99DB-40AD1FF97CDD}"
EndProject
Global
	GlobalSection(SolutionConfigurationPlatforms) = preSolution
		Debug|Any CPU = Debug|Any CPU
		Release|Any CPU = Release|Any CPU
		Test|Any CPU = Test|Any CPU
	EndGlobalSection
	GlobalSection(ProjectConfigurationPlatforms) = postSolution
		{F5E65055-CC2B-4D25-9AB4-2C9FDB5CBA25}.Debug|Any CPU.ActiveCfg = Debug|Any CPU
		{F5E65055-CC2B-4D25-9AB4-2C9FDB5CBA25}.Debug|Any CPU.Build.0 = Debug|Any CPU
		{F5E65055-CC2B-4D25-9AB4-2C9FDB5CBA25}.Release|Any CPU.ActiveCfg = Release|Any CPU
		{F5E65055-CC2B-4D25-9AB4-2C9FDB5CBA25}.Release|Any CPU.Build.0 = Release|Any CPU
		{F5E65055-CC2B-4D25-9AB4-2C9FDB5CBA25}.Test|Any CPU.ActiveCfg = Debug|Any CPU
		{F5E65055-CC2B-4D25-9AB4-2C9FDB5CBA25}.Test|Any CPU.Build.0 = Debug|Any CPU
		{D0D1FC3A-6279-4FDA-8621-929F6A270713}.Debug|Any CPU.ActiveCfg = Debug|Any CPU
		{D0D1FC3A-6279-4FDA-8621-929F6A270713}.Debug|Any CPU.Build.0 = Debug|Any CPU
		{D0D1FC3A-6279-4FDA-8621-929F6A270713}.Release|Any CPU.ActiveCfg = Release|Any CPU
		{D0D1FC3A-6279-4FDA-8621-929F6A270713}.Release|Any CPU.Build.0 = Release|Any CPU
		{D0D1FC3A-6279-4FDA-8621-929F6A270713}.Test|Any CPU.ActiveCfg = Debug|Any CPU
		{D0D1FC3A-6279-4FDA-8621-929F6A270713}.Test|Any CPU.Build.0 = Debug|Any CPU
		{4478CDBD-51F1-4D13-A7E6-ED7696EF1160}.Debug|Any CPU.ActiveCfg = Debug|Any CPU
		{4478CDBD-51F1-4D13-A7E6-ED7696EF1160}.Debug|Any CPU.Build.0 = Debug|Any CPU
		{4478CDBD-51F1-4D13-A7E6-ED7696EF1160}.Release|Any CPU.ActiveCfg = Release|Any CPU
		{4478CDBD-51F1-4D13-A7E6-ED7696EF1160}.Release|Any CPU.Build.0 = Release|Any CPU
		{4478CDBD-51F1-4D13-A7E6-ED7696EF1160}.Test|Any CPU.ActiveCfg = Debug|Any CPU
		{4478CDBD-51F1-4D13-A7E6-ED7696EF1160}.Test|Any CPU.Build.0 = Debug|Any CPU
		{7335920F-9D41-471F-9140-A6A2259D9277}.Debug|Any CPU.ActiveCfg = Debug|Any CPU
		{7335920F-9D41-471F-9140-A6A2259D9277}.Debug|Any CPU.Build.0 = Debug|Any CPU
		{7335920F-9D41-471F-9140-A6A2259D9277}.Release|Any CPU.ActiveCfg = Release|Any CPU
		{7335920F-9D41-471F-9140-A6A2259D9277}.Release|Any CPU.Build.0 = Release|Any CPU
		{7335920F-9D41-471F-9140-A6A2259D9277}.Test|Any CPU.ActiveCfg = Test|Any CPU
		{7335920F-9D41-471F-9140-A6A2259D9277}.Test|Any CPU.Build.0 = Test|Any CPU
		{4199C3A8-1920-4B65-8BD0-9D3E8183B774}.Debug|Any CPU.ActiveCfg = Debug|Any CPU
		{4199C3A8-1920-4B65-8BD0-9D3E8183B774}.Debug|Any CPU.Build.0 = Debug|Any CPU
		{4199C3A8-1920-4B65-8BD0-9D3E8183B774}.Release|Any CPU.ActiveCfg = Release|Any CPU
		{4199C3A8-1920-4B65-8BD0-9D3E8183B774}.Release|Any CPU.Build.0 = Release|Any CPU
		{4199C3A8-1920-4B65-8BD0-9D3E8183B774}.Test|Any CPU.ActiveCfg = Test|Any CPU
		{4199C3A8-1920-4B65-8BD0-9D3E8183B774}.Test|Any CPU.Build.0 = Test|Any CPU
		{D66081AD-589D-4F30-B655-85B5F27705BA}.Debug|Any CPU.ActiveCfg = Debug|Any CPU
		{D66081AD-589D-4F30-B655-85B5F27705BA}.Debug|Any CPU.Build.0 = Debug|Any CPU
		{D66081AD-589D-4F30-B655-85B5F27705BA}.Release|Any CPU.ActiveCfg = Release|Any CPU
		{D66081AD-589D-4F30-B655-85B5F27705BA}.Release|Any CPU.Build.0 = Release|Any CPU
		{D66081AD-589D-4F30-B655-85B5F27705BA}.Test|Any CPU.ActiveCfg = Test|Any CPU
		{D66081AD-589D-4F30-B655-85B5F27705BA}.Test|Any CPU.Build.0 = Test|Any CPU
		{776DCA8C-E8F3-406D-8CB3-3B635354CEB1}.Debug|Any CPU.ActiveCfg = Debug|Any CPU
		{776DCA8C-E8F3-406D-8CB3-3B635354CEB1}.Debug|Any CPU.Build.0 = Debug|Any CPU
		{776DCA8C-E8F3-406D-8CB3-3B635354CEB1}.Release|Any CPU.ActiveCfg = Release|Any CPU
		{776DCA8C-E8F3-406D-8CB3-3B635354CEB1}.Release|Any CPU.Build.0 = Release|Any CPU
		{776DCA8C-E8F3-406D-8CB3-3B635354CEB1}.Test|Any CPU.ActiveCfg = Test|Any CPU
		{776DCA8C-E8F3-406D-8CB3-3B635354CEB1}.Test|Any CPU.Build.0 = Test|Any CPU
		{9F2A055D-8509-463C-9A99-88309E604451}.Debug|Any CPU.ActiveCfg = Debug|Any CPU
		{9F2A055D-8509-463C-9A99-88309E604451}.Debug|Any CPU.Build.0 = Debug|Any CPU
		{9F2A055D-8509-463C-9A99-88309E604451}.Release|Any CPU.ActiveCfg = Release|Any CPU
		{9F2A055D-8509-463C-9A99-88309E604451}.Release|Any CPU.Build.0 = Release|Any CPU
		{9F2A055D-8509-463C-9A99-88309E604451}.Test|Any CPU.ActiveCfg = Test|Any CPU
		{9F2A055D-8509-463C-9A99-88309E604451}.Test|Any CPU.Build.0 = Test|Any CPU
		{4C42EF23-470A-4108-B560-A569C7B3F405}.Debug|Any CPU.ActiveCfg = Debug|Any CPU
		{4C42EF23-470A-4108-B560-A569C7B3F405}.Debug|Any CPU.Build.0 = Debug|Any CPU
		{4C42EF23-470A-4108-B560-A569C7B3F405}.Release|Any CPU.ActiveCfg = Release|Any CPU
		{4C42EF23-470A-4108-B560-A569C7B3F405}.Release|Any CPU.Build.0 = Release|Any CPU
		{4C42EF23-470A-4108-B560-A569C7B3F405}.Test|Any CPU.ActiveCfg = Test|Any CPU
		{4C42EF23-470A-4108-B560-A569C7B3F405}.Test|Any CPU.Build.0 = Test|Any CPU
		{4E85D82F-DB52-4799-8C9B-65270D421A07}.Debug|Any CPU.ActiveCfg = Debug|Any CPU
		{4E85D82F-DB52-4799-8C9B-65270D421A07}.Debug|Any CPU.Build.0 = Debug|Any CPU
		{4E85D82F-DB52-4799-8C9B-65270D421A07}.Release|Any CPU.ActiveCfg = Release|Any CPU
		{4E85D82F-DB52-4799-8C9B-65270D421A07}.Release|Any CPU.Build.0 = Release|Any CPU
		{4E85D82F-DB52-4799-8C9B-65270D421A07}.Test|Any CPU.ActiveCfg = Test|Any CPU
		{4E85D82F-DB52-4799-8C9B-65270D421A07}.Test|Any CPU.Build.0 = Test|Any CPU
		{C8278F9F-8337-45BC-91A7-AD7E73C1E5F4}.Debug|Any CPU.ActiveCfg = Debug|Any CPU
		{C8278F9F-8337-45BC-91A7-AD7E73C1E5F4}.Debug|Any CPU.Build.0 = Debug|Any CPU
		{C8278F9F-8337-45BC-91A7-AD7E73C1E5F4}.Release|Any CPU.ActiveCfg = Release|Any CPU
		{C8278F9F-8337-45BC-91A7-AD7E73C1E5F4}.Release|Any CPU.Build.0 = Release|Any CPU
		{C8278F9F-8337-45BC-91A7-AD7E73C1E5F4}.Test|Any CPU.ActiveCfg = Test|Any CPU
		{C8278F9F-8337-45BC-91A7-AD7E73C1E5F4}.Test|Any CPU.Build.0 = Test|Any CPU
		{3233D5C6-DEF3-470F-8008-2BF1E2D909D8}.Debug|Any CPU.ActiveCfg = Debug|Any CPU
		{3233D5C6-DEF3-470F-8008-2BF1E2D909D8}.Debug|Any CPU.Build.0 = Debug|Any CPU
		{3233D5C6-DEF3-470F-8008-2BF1E2D909D8}.Release|Any CPU.ActiveCfg = Release|Any CPU
		{3233D5C6-DEF3-470F-8008-2BF1E2D909D8}.Release|Any CPU.Build.0 = Release|Any CPU
		{3233D5C6-DEF3-470F-8008-2BF1E2D909D8}.Test|Any CPU.ActiveCfg = Test|Any CPU
		{3233D5C6-DEF3-470F-8008-2BF1E2D909D8}.Test|Any CPU.Build.0 = Test|Any CPU
		{8449E170-32FB-498B-B2EE-36920B2120E7}.Debug|Any CPU.ActiveCfg = Debug|Any CPU
		{8449E170-32FB-498B-B2EE-36920B2120E7}.Debug|Any CPU.Build.0 = Debug|Any CPU
		{8449E170-32FB-498B-B2EE-36920B2120E7}.Release|Any CPU.ActiveCfg = Release|Any CPU
		{8449E170-32FB-498B-B2EE-36920B2120E7}.Release|Any CPU.Build.0 = Release|Any CPU
		{8449E170-32FB-498B-B2EE-36920B2120E7}.Test|Any CPU.ActiveCfg = Test|Any CPU
		{8449E170-32FB-498B-B2EE-36920B2120E7}.Test|Any CPU.Build.0 = Test|Any CPU
		{EF4B43A8-3539-4630-B605-168FC13D3355}.Debug|Any CPU.ActiveCfg = Debug|Any CPU
		{EF4B43A8-3539-4630-B605-168FC13D3355}.Debug|Any CPU.Build.0 = Debug|Any CPU
		{EF4B43A8-3539-4630-B605-168FC13D3355}.Release|Any CPU.ActiveCfg = Release|Any CPU
		{EF4B43A8-3539-4630-B605-168FC13D3355}.Release|Any CPU.Build.0 = Release|Any CPU
		{EF4B43A8-3539-4630-B605-168FC13D3355}.Test|Any CPU.ActiveCfg = Test|Any CPU
		{EF4B43A8-3539-4630-B605-168FC13D3355}.Test|Any CPU.Build.0 = Test|Any CPU
		{62C2840D-8BC0-478C-A1EB-1EE9C124BF05}.Debug|Any CPU.ActiveCfg = Debug|Any CPU
		{62C2840D-8BC0-478C-A1EB-1EE9C124BF05}.Debug|Any CPU.Build.0 = Debug|Any CPU
		{62C2840D-8BC0-478C-A1EB-1EE9C124BF05}.Release|Any CPU.ActiveCfg = Release|Any CPU
		{62C2840D-8BC0-478C-A1EB-1EE9C124BF05}.Release|Any CPU.Build.0 = Release|Any CPU
		{62C2840D-8BC0-478C-A1EB-1EE9C124BF05}.Test|Any CPU.ActiveCfg = Test|Any CPU
		{62C2840D-8BC0-478C-A1EB-1EE9C124BF05}.Test|Any CPU.Build.0 = Test|Any CPU
		{605783CA-57C1-47C5-A620-6406D7BFED7D}.Debug|Any CPU.ActiveCfg = Debug|Any CPU
		{605783CA-57C1-47C5-A620-6406D7BFED7D}.Debug|Any CPU.Build.0 = Debug|Any CPU
		{605783CA-57C1-47C5-A620-6406D7BFED7D}.Release|Any CPU.ActiveCfg = Release|Any CPU
		{605783CA-57C1-47C5-A620-6406D7BFED7D}.Release|Any CPU.Build.0 = Release|Any CPU
		{605783CA-57C1-47C5-A620-6406D7BFED7D}.Test|Any CPU.ActiveCfg = Test|Any CPU
		{605783CA-57C1-47C5-A620-6406D7BFED7D}.Test|Any CPU.Build.0 = Test|Any CPU
		{BE97BEE2-D2A0-4276-99DB-40AD1FF97CDD}.Debug|Any CPU.ActiveCfg = Debug|Any CPU
		{BE97BEE2-D2A0-4276-99DB-40AD1FF97CDD}.Debug|Any CPU.Build.0 = Debug|Any CPU
		{BE97BEE2-D2A0-4276-99DB-40AD1FF97CDD}.Release|Any CPU.ActiveCfg = Release|Any CPU
		{BE97BEE2-D2A0-4276-99DB-40AD1FF97CDD}.Release|Any CPU.Build.0 = Release|Any CPU
		{BE97BEE2-D2A0-4276-99DB-40AD1FF97CDD}.Test|Any CPU.ActiveCfg = Test|Any CPU
		{BE97BEE2-D2A0-4276-99DB-40AD1FF97CDD}.Test|Any CPU.Build.0 = Test|Any CPU
	EndGlobalSection
	GlobalSection(SolutionProperties) = preSolution
		HideSolutionNode = FALSE
	EndGlobalSection
	GlobalSection(NestedProjects) = preSolution
		{E032234B-EEAA-4BC3-B24B-2C2793642015} = {5FADFA80-D5DA-44E7-B906-59D055EF50DC}
		{F5E65055-CC2B-4D25-9AB4-2C9FDB5CBA25} = {E032234B-EEAA-4BC3-B24B-2C2793642015}
		{D0D1FC3A-6279-4FDA-8621-929F6A270713} = {E032234B-EEAA-4BC3-B24B-2C2793642015}
		{4478CDBD-51F1-4D13-A7E6-ED7696EF1160} = {E032234B-EEAA-4BC3-B24B-2C2793642015}
		{7335920F-9D41-471F-9140-A6A2259D9277} = {E032234B-EEAA-4BC3-B24B-2C2793642015}
		{4199C3A8-1920-4B65-8BD0-9D3E8183B774} = {E032234B-EEAA-4BC3-B24B-2C2793642015}
		{6204A1EF-4574-40AC-936D-0E403EB6AF75} = {5FADFA80-D5DA-44E7-B906-59D055EF50DC}
		{D66081AD-589D-4F30-B655-85B5F27705BA} = {6204A1EF-4574-40AC-936D-0E403EB6AF75}
		{9BF9EF08-5FB4-4014-8D3D-4F6BAE184FD5} = {5FADFA80-D5DA-44E7-B906-59D055EF50DC}
		{776DCA8C-E8F3-406D-8CB3-3B635354CEB1} = {9BF9EF08-5FB4-4014-8D3D-4F6BAE184FD5}
		{9F2A055D-8509-463C-9A99-88309E604451} = {9BF9EF08-5FB4-4014-8D3D-4F6BAE184FD5}
		{4C42EF23-470A-4108-B560-A569C7B3F405} = {9BF9EF08-5FB4-4014-8D3D-4F6BAE184FD5}
		{4E85D82F-DB52-4799-8C9B-65270D421A07} = {9BF9EF08-5FB4-4014-8D3D-4F6BAE184FD5}
		{69C2FA84-4DA4-4FA5-863D-B2DBC93B25B9} = {5FADFA80-D5DA-44E7-B906-59D055EF50DC}
		{C8278F9F-8337-45BC-91A7-AD7E73C1E5F4} = {69C2FA84-4DA4-4FA5-863D-B2DBC93B25B9}
		{3233D5C6-DEF3-470F-8008-2BF1E2D909D8} = {69C2FA84-4DA4-4FA5-863D-B2DBC93B25B9}
		{8449E170-32FB-498B-B2EE-36920B2120E7} = {69C2FA84-4DA4-4FA5-863D-B2DBC93B25B9}
		{A6D6C977-AADE-4CEE-B023-794D10655C4A} = {5FADFA80-D5DA-44E7-B906-59D055EF50DC}
		{EF4B43A8-3539-4630-B605-168FC13D3355} = {A6D6C977-AADE-4CEE-B023-794D10655C4A}
		{AF54ADB7-357D-4157-9B4B-421DABC0C845} = {5FADFA80-D5DA-44E7-B906-59D055EF50DC}
		{62C2840D-8BC0-478C-A1EB-1EE9C124BF05} = {AF54ADB7-357D-4157-9B4B-421DABC0C845}
		{605783CA-57C1-47C5-A620-6406D7BFED7D} = {AF54ADB7-357D-4157-9B4B-421DABC0C845}
		{BE97BEE2-D2A0-4276-99DB-40AD1FF97CDD} = {AF54ADB7-357D-4157-9B4B-421DABC0C845}
	EndGlobalSection
	GlobalSection(ExtensibilityGlobals) = postSolution
		SolutionGuid = {27EDF35D-5831-479E-BF70-D6CB24952E66}
	EndGlobalSection
EndGlobal
