
Microsoft Visual Studio Solution File, Format Version 12.00
# Visual Studio Version 17
VisualStudioVersion = 17.4.33403.182
MinimumVisualStudioVersion = 10.0.40219.1
Project("{888888A0-9F3D-457C-B088-3A5042F75D52}") = "ROH.SavePlayerPosition", "SavePlayerPosition\ROH.SavePlayerPosition.pyproj", "{B1E569E5-125C-47B6-8927-39C824FFF8BA}"
EndProject
Project("{9A19103F-16F7-4668-BE54-9A1E7A4F7556}") = "ROH.Api.Player", "ROH.Api.Player\ROH.Api.Player.csproj", "{E6DF789D-2907-43C8-962A-5E975A3DC94E}"
EndProject
Project("{9A19103F-16F7-4668-BE54-9A1E7A4F7556}") = "ROH.Api.Login", "ROH.Api.Login\ROH.Api.Login.csproj", "{59CCA95D-E5F1-4B39-BDB9-F5B3D6B3AD02}"
EndProject
Project("{9A19103F-16F7-4668-BE54-9A1E7A4F7556}") = "ROH.Domain", "ROH.Domain\ROH.Domain.csproj", "{EEB6CBD2-A58D-4089-BBB5-F9141F19533B}"
EndProject
Project("{9A19103F-16F7-4668-BE54-9A1E7A4F7556}") = "ROH.Context", "ROH.Context\ROH.Context.csproj", "{84F43228-131D-43A0-8DA9-7500E3B6F1C9}"
EndProject
Project("{9A19103F-16F7-4668-BE54-9A1E7A4F7556}") = "ROH.Models", "ROH.Models\ROH.Models.csproj", "{3B51FA34-D046-4B30-95F2-A10E9070D20A}"
EndProject
Project("{9A19103F-16F7-4668-BE54-9A1E7A4F7556}") = "ROH.Services", "ROH.Services\ROH.Services.csproj", "{8D69B8FB-E35B-4896-AFB5-46AC3767ABEA}"
EndProject
Project("{54A90642-561A-4BB1-A94E-469ADEE60C69}") = "ROH.Web", "ROH.Web\ROH.Web.esproj", "{AF51D131-11A3-432F-A8DE-FAA413ECA243}"
EndProject
Project("{9A19103F-16F7-4668-BE54-9A1E7A4F7556}") = "ROH.Test", "ROH.Test\ROH.Test.csproj", "{9165C2C7-7CC5-48BA-9A80-754EEE66F070}"
EndProject
Project("{2150E333-8FDC-42A3-9474-1A3956D46DE8}") = "Doc", "Doc", "{9163E653-710D-4F9F-96B0-EAEDDC610BFB}"
	ProjectSection(SolutionItems) = preProject
		..\..\..\..\Rodrigo\Imagens\dockerps.JPG = ..\..\..\..\Rodrigo\Imagens\dockerps.JPG
		install_docker_files.txt = install_docker_files.txt
		ReingOfHumanae\Json.txt = ReingOfHumanae\Json.txt
	EndProjectSection
EndProject
Project("{FAE04EC0-301F-11D3-BF4B-00C04F79EFBC}") = "Assembly-CSharp", "ReignOfHumanae.Unity\Assembly-CSharp.csproj", "{A92ECAAB-BAC2-0858-4DFD-D6E0FBAC429B}"
EndProject
Project("{9A19103F-16F7-4668-BE54-9A1E7A4F7556}") = "ROH.Interfaces", "ROH.Interfaces\ROH.Interfaces.csproj", "{8D8DE61F-2624-4296-9BB1-4E6D699420CD}"
EndProject
Project("{9A19103F-16F7-4668-BE54-9A1E7A4F7556}") = "ROH.Api.Version", "ROH.Api.Version\ROH.Api.Version.csproj", "{D1A1B314-8C5B-4E23-89D9-8371C660ECAF}"
EndProject
Project("{9A19103F-16F7-4668-BE54-9A1E7A4F7556}") = "ROH.Repository", "ROH.Repository\ROH.Repository.csproj", "{3D06BBA0-1D74-495E-8B0D-CE059A258215}"
EndProject
Project("{FAE04EC0-301F-11D3-BF4B-00C04F79EFBC}") = "ROH.Validations", "ROH.Validations\ROH.Validations.csproj", "{5927BBEC-925B-4648-AECC-C754B25438E9}"
EndProject
Project("{2150E333-8FDC-42A3-9474-1A3956D46DE8}") = "Solution Items", "Solution Items", "{5C4DF4AD-7E16-4856-B2A6-FAEEADDB2C41}"
	ProjectSection(SolutionItems) = preProject
		.editorconfig = .editorconfig
	EndProjectSection
EndProject
Global
	GlobalSection(SolutionConfigurationPlatforms) = preSolution
		Debug|Any CPU = Debug|Any CPU
		Release|Any CPU = Release|Any CPU
	EndGlobalSection
	GlobalSection(ProjectConfigurationPlatforms) = postSolution
		{B1E569E5-125C-47B6-8927-39C824FFF8BA}.Debug|Any CPU.ActiveCfg = Debug|Any CPU
		{B1E569E5-125C-47B6-8927-39C824FFF8BA}.Release|Any CPU.ActiveCfg = Release|Any CPU
		{E6DF789D-2907-43C8-962A-5E975A3DC94E}.Debug|Any CPU.ActiveCfg = Debug|Any CPU
		{E6DF789D-2907-43C8-962A-5E975A3DC94E}.Debug|Any CPU.Build.0 = Debug|Any CPU
		{E6DF789D-2907-43C8-962A-5E975A3DC94E}.Release|Any CPU.ActiveCfg = Release|Any CPU
		{E6DF789D-2907-43C8-962A-5E975A3DC94E}.Release|Any CPU.Build.0 = Release|Any CPU
		{59CCA95D-E5F1-4B39-BDB9-F5B3D6B3AD02}.Debug|Any CPU.ActiveCfg = Debug|Any CPU
		{59CCA95D-E5F1-4B39-BDB9-F5B3D6B3AD02}.Debug|Any CPU.Build.0 = Debug|Any CPU
		{59CCA95D-E5F1-4B39-BDB9-F5B3D6B3AD02}.Release|Any CPU.ActiveCfg = Release|Any CPU
		{59CCA95D-E5F1-4B39-BDB9-F5B3D6B3AD02}.Release|Any CPU.Build.0 = Release|Any CPU
		{EEB6CBD2-A58D-4089-BBB5-F9141F19533B}.Debug|Any CPU.ActiveCfg = Debug|Any CPU
		{EEB6CBD2-A58D-4089-BBB5-F9141F19533B}.Debug|Any CPU.Build.0 = Debug|Any CPU
		{EEB6CBD2-A58D-4089-BBB5-F9141F19533B}.Release|Any CPU.ActiveCfg = Release|Any CPU
		{EEB6CBD2-A58D-4089-BBB5-F9141F19533B}.Release|Any CPU.Build.0 = Release|Any CPU
		{84F43228-131D-43A0-8DA9-7500E3B6F1C9}.Debug|Any CPU.ActiveCfg = Debug|Any CPU
		{84F43228-131D-43A0-8DA9-7500E3B6F1C9}.Debug|Any CPU.Build.0 = Debug|Any CPU
		{84F43228-131D-43A0-8DA9-7500E3B6F1C9}.Release|Any CPU.ActiveCfg = Release|Any CPU
		{84F43228-131D-43A0-8DA9-7500E3B6F1C9}.Release|Any CPU.Build.0 = Release|Any CPU
		{3B51FA34-D046-4B30-95F2-A10E9070D20A}.Debug|Any CPU.ActiveCfg = Debug|Any CPU
		{3B51FA34-D046-4B30-95F2-A10E9070D20A}.Debug|Any CPU.Build.0 = Debug|Any CPU
		{3B51FA34-D046-4B30-95F2-A10E9070D20A}.Release|Any CPU.ActiveCfg = Release|Any CPU
		{3B51FA34-D046-4B30-95F2-A10E9070D20A}.Release|Any CPU.Build.0 = Release|Any CPU
		{8D69B8FB-E35B-4896-AFB5-46AC3767ABEA}.Debug|Any CPU.ActiveCfg = Debug|Any CPU
		{8D69B8FB-E35B-4896-AFB5-46AC3767ABEA}.Debug|Any CPU.Build.0 = Debug|Any CPU
		{8D69B8FB-E35B-4896-AFB5-46AC3767ABEA}.Release|Any CPU.ActiveCfg = Release|Any CPU
		{8D69B8FB-E35B-4896-AFB5-46AC3767ABEA}.Release|Any CPU.Build.0 = Release|Any CPU
		{AF51D131-11A3-432F-A8DE-FAA413ECA243}.Debug|Any CPU.ActiveCfg = Debug|Any CPU
		{AF51D131-11A3-432F-A8DE-FAA413ECA243}.Debug|Any CPU.Build.0 = Debug|Any CPU
		{AF51D131-11A3-432F-A8DE-FAA413ECA243}.Debug|Any CPU.Deploy.0 = Debug|Any CPU
		{AF51D131-11A3-432F-A8DE-FAA413ECA243}.Release|Any CPU.ActiveCfg = Release|Any CPU
		{AF51D131-11A3-432F-A8DE-FAA413ECA243}.Release|Any CPU.Build.0 = Release|Any CPU
		{AF51D131-11A3-432F-A8DE-FAA413ECA243}.Release|Any CPU.Deploy.0 = Release|Any CPU
		{9165C2C7-7CC5-48BA-9A80-754EEE66F070}.Debug|Any CPU.ActiveCfg = Debug|Any CPU
		{9165C2C7-7CC5-48BA-9A80-754EEE66F070}.Debug|Any CPU.Build.0 = Debug|Any CPU
		{9165C2C7-7CC5-48BA-9A80-754EEE66F070}.Release|Any CPU.ActiveCfg = Release|Any CPU
		{9165C2C7-7CC5-48BA-9A80-754EEE66F070}.Release|Any CPU.Build.0 = Release|Any CPU
		{A92ECAAB-BAC2-0858-4DFD-D6E0FBAC429B}.Debug|Any CPU.ActiveCfg = Debug|Any CPU
		{A92ECAAB-BAC2-0858-4DFD-D6E0FBAC429B}.Debug|Any CPU.Build.0 = Debug|Any CPU
		{A92ECAAB-BAC2-0858-4DFD-D6E0FBAC429B}.Release|Any CPU.ActiveCfg = Release|Any CPU
		{A92ECAAB-BAC2-0858-4DFD-D6E0FBAC429B}.Release|Any CPU.Build.0 = Release|Any CPU
		{8D8DE61F-2624-4296-9BB1-4E6D699420CD}.Debug|Any CPU.ActiveCfg = Debug|Any CPU
		{8D8DE61F-2624-4296-9BB1-4E6D699420CD}.Debug|Any CPU.Build.0 = Debug|Any CPU
		{8D8DE61F-2624-4296-9BB1-4E6D699420CD}.Release|Any CPU.ActiveCfg = Release|Any CPU
		{8D8DE61F-2624-4296-9BB1-4E6D699420CD}.Release|Any CPU.Build.0 = Release|Any CPU
		{D1A1B314-8C5B-4E23-89D9-8371C660ECAF}.Debug|Any CPU.ActiveCfg = Debug|Any CPU
		{D1A1B314-8C5B-4E23-89D9-8371C660ECAF}.Debug|Any CPU.Build.0 = Debug|Any CPU
		{D1A1B314-8C5B-4E23-89D9-8371C660ECAF}.Release|Any CPU.ActiveCfg = Release|Any CPU
		{D1A1B314-8C5B-4E23-89D9-8371C660ECAF}.Release|Any CPU.Build.0 = Release|Any CPU
		{3D06BBA0-1D74-495E-8B0D-CE059A258215}.Debug|Any CPU.ActiveCfg = Debug|Any CPU
		{3D06BBA0-1D74-495E-8B0D-CE059A258215}.Debug|Any CPU.Build.0 = Debug|Any CPU
		{3D06BBA0-1D74-495E-8B0D-CE059A258215}.Release|Any CPU.ActiveCfg = Release|Any CPU
		{3D06BBA0-1D74-495E-8B0D-CE059A258215}.Release|Any CPU.Build.0 = Release|Any CPU
		{5927BBEC-925B-4648-AECC-C754B25438E9}.Debug|Any CPU.ActiveCfg = Debug|Any CPU
		{5927BBEC-925B-4648-AECC-C754B25438E9}.Debug|Any CPU.Build.0 = Debug|Any CPU
		{5927BBEC-925B-4648-AECC-C754B25438E9}.Release|Any CPU.ActiveCfg = Release|Any CPU
		{5927BBEC-925B-4648-AECC-C754B25438E9}.Release|Any CPU.Build.0 = Release|Any CPU
	EndGlobalSection
	GlobalSection(SolutionProperties) = preSolution
		HideSolutionNode = FALSE
	EndGlobalSection
	GlobalSection(ExtensibilityGlobals) = postSolution
		SolutionGuid = {27EDF35D-5831-479E-BF70-D6CB24952E66}
	EndGlobalSection
EndGlobal
